// !$*UTF8*$!
{
	archiveVersion = 1;
	classes = {
	};
	objectVersion = 55;
	objects = {

/* Begin PBXBuildFile section */
		1116FA2CCD45C4CBA14A2CA3 /* Pods_millieLoginCloneCoding.framework in Frameworks */ = {isa = PBXBuildFile; fileRef = D90112BD71E83BE43F07E2E7 /* Pods_millieLoginCloneCoding.framework */; };
		330412D829D2AC48008FD817 /* AppDelegate.swift in Sources */ = {isa = PBXBuildFile; fileRef = 330412D729D2AC48008FD817 /* AppDelegate.swift */; };
		330412DA29D2AC48008FD817 /* SceneDelegate.swift in Sources */ = {isa = PBXBuildFile; fileRef = 330412D929D2AC48008FD817 /* SceneDelegate.swift */; };
		330412DC29D2AC48008FD817 /* StartViewController.swift in Sources */ = {isa = PBXBuildFile; fileRef = 330412DB29D2AC48008FD817 /* StartViewController.swift */; };
		330412DF29D2AC48008FD817 /* Main.storyboard in Resources */ = {isa = PBXBuildFile; fileRef = 330412DD29D2AC48008FD817 /* Main.storyboard */; };
		330412E129D2AC49008FD817 /* Assets.xcassets in Resources */ = {isa = PBXBuildFile; fileRef = 330412E029D2AC49008FD817 /* Assets.xcassets */; };
		330412E429D2AC49008FD817 /* LaunchScreen.storyboard in Resources */ = {isa = PBXBuildFile; fileRef = 330412E229D2AC49008FD817 /* LaunchScreen.storyboard */; };
		330412EF29D2AC49008FD817 /* millieLoginCloneCodingTests.swift in Sources */ = {isa = PBXBuildFile; fileRef = 330412EE29D2AC49008FD817 /* millieLoginCloneCodingTests.swift */; };
		330412F929D2AC49008FD817 /* millieLoginCloneCodingUITests.swift in Sources */ = {isa = PBXBuildFile; fileRef = 330412F829D2AC49008FD817 /* millieLoginCloneCodingUITests.swift */; };
		330412FB29D2AC49008FD817 /* millieLoginCloneCodingUITestsLaunchTests.swift in Sources */ = {isa = PBXBuildFile; fileRef = 330412FA29D2AC49008FD817 /* millieLoginCloneCodingUITestsLaunchTests.swift */; };
		3304130829D2AD08008FD817 /* GoogleService-Info.plist in Resources */ = {isa = PBXBuildFile; fileRef = 3304130729D2AD08008FD817 /* GoogleService-Info.plist */; };
		3304130B29D2ADE5008FD817 /* FirebaseAnalytics in Frameworks */ = {isa = PBXBuildFile; productRef = 3304130A29D2ADE5008FD817 /* FirebaseAnalytics */; };
		3304130D29D2ADE5008FD817 /* FirebaseAnalyticsSwift in Frameworks */ = {isa = PBXBuildFile; productRef = 3304130C29D2ADE5008FD817 /* FirebaseAnalyticsSwift */; };
		3304130F29D2ADE5008FD817 /* FirebaseAuth in Frameworks */ = {isa = PBXBuildFile; productRef = 3304130E29D2ADE5008FD817 /* FirebaseAuth */; };
		3304131129D2ADE5008FD817 /* FirebaseAuthCombine-Community in Frameworks */ = {isa = PBXBuildFile; productRef = 3304131029D2ADE5008FD817 /* FirebaseAuthCombine-Community */; };
		3307404829F5167F00823DC2 /* LocalAPI.swift in Sources */ = {isa = PBXBuildFile; fileRef = 3307404729F5167F00823DC2 /* LocalAPI.swift */; };
		3307404A29F53D5A00823DC2 /* NaverLoginAPI.swift in Sources */ = {isa = PBXBuildFile; fileRef = 3307404929F53D5A00823DC2 /* NaverLoginAPI.swift */; };
		3307404C29F55AAD00823DC2 /* NaverMeResult.swift in Sources */ = {isa = PBXBuildFile; fileRef = 3307404B29F55AAD00823DC2 /* NaverMeResult.swift */; };
		3307405429F6E6C300823DC2 /* AppleLoginManager.swift in Sources */ = {isa = PBXBuildFile; fileRef = 3307405329F6E6C300823DC2 /* AppleLoginManager.swift */; };
		3307405C29F7BCB100823DC2 /* SocialView.xib in Resources */ = {isa = PBXBuildFile; fileRef = 3307405B29F7BCB100823DC2 /* SocialView.xib */; };
		3307405F29F7BCCA00823DC2 /* SocialView.swift in Sources */ = {isa = PBXBuildFile; fileRef = 3307405E29F7BCCA00823DC2 /* SocialView.swift */; };
		3307406129F81B5F00823DC2 /* UIView+.swift in Sources */ = {isa = PBXBuildFile; fileRef = 3307406029F81B5F00823DC2 /* UIView+.swift */; };
		3324278329E64F1200222E25 /* TermsHeader.xib in Resources */ = {isa = PBXBuildFile; fileRef = 3324278229E64F1200222E25 /* TermsHeader.xib */; };
		3324278529E650B200222E25 /* TermsHeader.swift in Sources */ = {isa = PBXBuildFile; fileRef = 3324278429E650B200222E25 /* TermsHeader.swift */; };
		332729E929DA951800540D9C /* JoinViewController.swift in Sources */ = {isa = PBXBuildFile; fileRef = 332729E829DA951800540D9C /* JoinViewController.swift */; };
		332729EB29DA95AF00540D9C /* JoinTermsofUseViewController.swift in Sources */ = {isa = PBXBuildFile; fileRef = 332729EA29DA95AF00540D9C /* JoinTermsofUseViewController.swift */; };
		332729ED29DA95E800540D9C /* JoinProfileViewController.swift in Sources */ = {isa = PBXBuildFile; fileRef = 332729EC29DA95E800540D9C /* JoinProfileViewController.swift */; };
		332729F029DA9C7800540D9C /* Bundle+plist.swift in Sources */ = {isa = PBXBuildFile; fileRef = 332729EF29DA9C7800540D9C /* Bundle+plist.swift */; };
		332729F329DA9D4700540D9C /* InputStackView.xib in Resources */ = {isa = PBXBuildFile; fileRef = 332729F229DA9D4700540D9C /* InputStackView.xib */; };
		332729F629DAA05400540D9C /* InputStackView.swift in Sources */ = {isa = PBXBuildFile; fileRef = 332729F529DAA05400540D9C /* InputStackView.swift */; };
		3327C73829DC621A008EEF5C /* SocialJoinViewController.swift in Sources */ = {isa = PBXBuildFile; fileRef = 3327C73729DC621A008EEF5C /* SocialJoinViewController.swift */; };
		3351235E29DC87DF005BA59B /* FirebaseDatabase in Frameworks */ = {isa = PBXBuildFile; productRef = 3351235D29DC87DF005BA59B /* FirebaseDatabase */; };
		3351236029DC87DF005BA59B /* FirebaseDatabaseSwift in Frameworks */ = {isa = PBXBuildFile; productRef = 3351235F29DC87DF005BA59B /* FirebaseDatabaseSwift */; };
		3351236229DC8865005BA59B /* User.swift in Sources */ = {isa = PBXBuildFile; fileRef = 3351236129DC8865005BA59B /* User.swift */; };
		3351236629DC8A38005BA59B /* NetworkManager.swift in Sources */ = {isa = PBXBuildFile; fileRef = 3351236529DC8A38005BA59B /* NetworkManager.swift */; };
		3351236829DC8B27005BA59B /* API.swift in Sources */ = {isa = PBXBuildFile; fileRef = 3351236729DC8B27005BA59B /* API.swift */; };
		3351236B29DFC430005BA59B /* TermsofUse.plist in Resources */ = {isa = PBXBuildFile; fileRef = 3351236A29DFC430005BA59B /* TermsofUse.plist */; };
		3351236E29DFC794005BA59B /* TermsofUseTableView.swift in Sources */ = {isa = PBXBuildFile; fileRef = 3351236D29DFC794005BA59B /* TermsofUseTableView.swift */; };
		3351237329DFC95C005BA59B /* TermsCell.xib in Resources */ = {isa = PBXBuildFile; fileRef = 3351237229DFC95C005BA59B /* TermsCell.xib */; };
		3351237529DFCDED005BA59B /* TermsCell.swift in Sources */ = {isa = PBXBuildFile; fileRef = 3351237429DFCDED005BA59B /* TermsCell.swift */; };
		3351237A29DFE565005BA59B /* TermsofUseViewController.swift in Sources */ = {isa = PBXBuildFile; fileRef = 3351237929DFE565005BA59B /* TermsofUseViewController.swift */; };
		335F201329DB1379006898EC /* Join.storyboard in Resources */ = {isa = PBXBuildFile; fileRef = 335F201229DB1379006898EC /* Join.storyboard */; };
		335F201529DBE291006898EC /* AgencySelectViewController.swift in Sources */ = {isa = PBXBuildFile; fileRef = 335F201429DBE291006898EC /* AgencySelectViewController.swift */; };
		335F201B29DC2865006898EC /* UIViewController+.swift in Sources */ = {isa = PBXBuildFile; fileRef = 335F201A29DC2865006898EC /* UIViewController+.swift */; };
		335F201D29DC3D01006898EC /* SocialLogin.swift in Sources */ = {isa = PBXBuildFile; fileRef = 335F201C29DC3D01006898EC /* SocialLogin.swift */; };
		335F201F29DC3E06006898EC /* String+.swift in Sources */ = {isa = PBXBuildFile; fileRef = 335F201E29DC3E06006898EC /* String+.swift */; };
		3371552E29ED90B4004BE3D4 /* Util.swift in Sources */ = {isa = PBXBuildFile; fileRef = 3371552D29ED90B4004BE3D4 /* Util.swift */; };
		3371553029EE53D1004BE3D4 /* UINavigationController+.swift in Sources */ = {isa = PBXBuildFile; fileRef = 3371552F29EE53D1004BE3D4 /* UINavigationController+.swift */; };
		337E45C929D3419F0005AFEE /* MainViewController.swift in Sources */ = {isa = PBXBuildFile; fileRef = 337E45C829D3419F0005AFEE /* MainViewController.swift */; };
		33B4BD8C29FD1B2600120319 /* NaverLoginManager.swift in Sources */ = {isa = PBXBuildFile; fileRef = 33B4BD8B29FD1B2600120319 /* NaverLoginManager.swift */; };
		33B4BD8E29FD25BB00120319 /* LoginError.swift in Sources */ = {isa = PBXBuildFile; fileRef = 33B4BD8D29FD25BB00120319 /* LoginError.swift */; };
		33C3474B29D2B65E0089B722 /* LoginViewController.swift in Sources */ = {isa = PBXBuildFile; fileRef = 33C3474A29D2B65E0089B722 /* LoginViewController.swift */; };
		33D957F929FA49770016B1F6 /* FacebookCore in Frameworks */ = {isa = PBXBuildFile; productRef = 33D957F829FA49770016B1F6 /* FacebookCore */; };
		33D957FB29FA49770016B1F6 /* FacebookLogin in Frameworks */ = {isa = PBXBuildFile; productRef = 33D957FA29FA49770016B1F6 /* FacebookLogin */; };
		33D957FD29FA4CEC0016B1F6 /* FacebookLoginManager.swift in Sources */ = {isa = PBXBuildFile; fileRef = 33D957FC29FA4CEC0016B1F6 /* FacebookLoginManager.swift */; };
		33DF299529D31D9B000372A4 /* FirebaseLogin.swift in Sources */ = {isa = PBXBuildFile; fileRef = 33DF299429D31D9B000372A4 /* FirebaseLogin.swift */; };
		33DF299729D33846000372A4 /* JoinVerificationCodeViewController.swift in Sources */ = {isa = PBXBuildFile; fileRef = 33DF299629D33846000372A4 /* JoinVerificationCodeViewController.swift */; };
		33F51B4729D6AC810021884F /* KakaoSDK in Frameworks */ = {isa = PBXBuildFile; productRef = 33F51B4629D6AC810021884F /* KakaoSDK */; };
		33F51B4929D6AC810021884F /* KakaoSDKAuth in Frameworks */ = {isa = PBXBuildFile; productRef = 33F51B4829D6AC810021884F /* KakaoSDKAuth */; };
		33F51B4B29D6AC810021884F /* KakaoSDKUser in Frameworks */ = {isa = PBXBuildFile; productRef = 33F51B4A29D6AC810021884F /* KakaoSDKUser */; };
		33F51B4D29D6B01F0021884F /* APIKey.plist in Resources */ = {isa = PBXBuildFile; fileRef = 33F51B4C29D6B01F0021884F /* APIKey.plist */; };
		33F51B4F29D6C9890021884F /* KakaoPayLoad.swift in Sources */ = {isa = PBXBuildFile; fileRef = 33F51B4E29D6C9890021884F /* KakaoPayLoad.swift */; };
		33FFC48129D3E0AD00ABA054 /* GoogleSignIn in Frameworks */ = {isa = PBXBuildFile; productRef = 33FFC48029D3E0AD00ABA054 /* GoogleSignIn */; };
		33FFC48329D3E0AD00ABA054 /* GoogleSignInSwift in Frameworks */ = {isa = PBXBuildFile; productRef = 33FFC48229D3E0AD00ABA054 /* GoogleSignInSwift */; };
		33FFC48A29D3F7CA00ABA054 /* Cryptography.swift in Sources */ = {isa = PBXBuildFile; fileRef = 33FFC48929D3F7CA00ABA054 /* Cryptography.swift */; };
		35BD7AD63E2B455E8A1BF824 /* Pods_millieLoginCloneCoding_millieLoginCloneCodingUITests.framework in Frameworks */ = {isa = PBXBuildFile; fileRef = 3799C26FC27D84D1C71914C3 /* Pods_millieLoginCloneCoding_millieLoginCloneCodingUITests.framework */; };
		A0F09160A4F86B39D7E30D45 /* Pods_millieLoginCloneCodingTests.framework in Frameworks */ = {isa = PBXBuildFile; fileRef = 870D55941C90A17D7EB5DE24 /* Pods_millieLoginCloneCodingTests.framework */; };
/* End PBXBuildFile section */

/* Begin PBXContainerItemProxy section */
		330412EB29D2AC49008FD817 /* PBXContainerItemProxy */ = {
			isa = PBXContainerItemProxy;
			containerPortal = 330412CC29D2AC48008FD817 /* Project object */;
			proxyType = 1;
			remoteGlobalIDString = 330412D329D2AC48008FD817;
			remoteInfo = millieLoginCloneCoding;
		};
		330412F529D2AC49008FD817 /* PBXContainerItemProxy */ = {
			isa = PBXContainerItemProxy;
			containerPortal = 330412CC29D2AC48008FD817 /* Project object */;
			proxyType = 1;
			remoteGlobalIDString = 330412D329D2AC48008FD817;
			remoteInfo = millieLoginCloneCoding;
		};
/* End PBXContainerItemProxy section */

/* Begin PBXFileReference section */
		03A177A0914D631C16EA955C /* Pods-millieLoginCloneCodingTests.release.xcconfig */ = {isa = PBXFileReference; includeInIndex = 1; lastKnownFileType = text.xcconfig; name = "Pods-millieLoginCloneCodingTests.release.xcconfig"; path = "Target Support Files/Pods-millieLoginCloneCodingTests/Pods-millieLoginCloneCodingTests.release.xcconfig"; sourceTree = "<group>"; };
		330412D429D2AC48008FD817 /* millieLoginCloneCoding.app */ = {isa = PBXFileReference; explicitFileType = wrapper.application; includeInIndex = 0; path = millieLoginCloneCoding.app; sourceTree = BUILT_PRODUCTS_DIR; };
		330412D729D2AC48008FD817 /* AppDelegate.swift */ = {isa = PBXFileReference; lastKnownFileType = sourcecode.swift; path = AppDelegate.swift; sourceTree = "<group>"; };
		330412D929D2AC48008FD817 /* SceneDelegate.swift */ = {isa = PBXFileReference; lastKnownFileType = sourcecode.swift; path = SceneDelegate.swift; sourceTree = "<group>"; };
		330412DB29D2AC48008FD817 /* StartViewController.swift */ = {isa = PBXFileReference; lastKnownFileType = sourcecode.swift; path = StartViewController.swift; sourceTree = "<group>"; };
		330412DE29D2AC48008FD817 /* Base */ = {isa = PBXFileReference; lastKnownFileType = file.storyboard; name = Base; path = Base.lproj/Main.storyboard; sourceTree = "<group>"; };
		330412E029D2AC49008FD817 /* Assets.xcassets */ = {isa = PBXFileReference; lastKnownFileType = folder.assetcatalog; path = Assets.xcassets; sourceTree = "<group>"; };
		330412E329D2AC49008FD817 /* Base */ = {isa = PBXFileReference; lastKnownFileType = file.storyboard; name = Base; path = Base.lproj/LaunchScreen.storyboard; sourceTree = "<group>"; };
		330412E529D2AC49008FD817 /* Info.plist */ = {isa = PBXFileReference; lastKnownFileType = text.plist.xml; path = Info.plist; sourceTree = "<group>"; };
		330412EA29D2AC49008FD817 /* millieLoginCloneCodingTests.xctest */ = {isa = PBXFileReference; explicitFileType = wrapper.cfbundle; includeInIndex = 0; path = millieLoginCloneCodingTests.xctest; sourceTree = BUILT_PRODUCTS_DIR; };
		330412EE29D2AC49008FD817 /* millieLoginCloneCodingTests.swift */ = {isa = PBXFileReference; lastKnownFileType = sourcecode.swift; path = millieLoginCloneCodingTests.swift; sourceTree = "<group>"; };
		330412F429D2AC49008FD817 /* millieLoginCloneCodingUITests.xctest */ = {isa = PBXFileReference; explicitFileType = wrapper.cfbundle; includeInIndex = 0; path = millieLoginCloneCodingUITests.xctest; sourceTree = BUILT_PRODUCTS_DIR; };
		330412F829D2AC49008FD817 /* millieLoginCloneCodingUITests.swift */ = {isa = PBXFileReference; lastKnownFileType = sourcecode.swift; path = millieLoginCloneCodingUITests.swift; sourceTree = "<group>"; };
		330412FA29D2AC49008FD817 /* millieLoginCloneCodingUITestsLaunchTests.swift */ = {isa = PBXFileReference; lastKnownFileType = sourcecode.swift; path = millieLoginCloneCodingUITestsLaunchTests.swift; sourceTree = "<group>"; };
		3304130729D2AD08008FD817 /* GoogleService-Info.plist */ = {isa = PBXFileReference; fileEncoding = 4; lastKnownFileType = text.plist.xml; path = "GoogleService-Info.plist"; sourceTree = "<group>"; };
		3307404729F5167F00823DC2 /* LocalAPI.swift */ = {isa = PBXFileReference; lastKnownFileType = sourcecode.swift; path = LocalAPI.swift; sourceTree = "<group>"; };
		3307404929F53D5A00823DC2 /* NaverLoginAPI.swift */ = {isa = PBXFileReference; lastKnownFileType = sourcecode.swift; path = NaverLoginAPI.swift; sourceTree = "<group>"; };
		3307404B29F55AAD00823DC2 /* NaverMeResult.swift */ = {isa = PBXFileReference; lastKnownFileType = sourcecode.swift; path = NaverMeResult.swift; sourceTree = "<group>"; };
		3307405329F6E6C300823DC2 /* AppleLoginManager.swift */ = {isa = PBXFileReference; lastKnownFileType = sourcecode.swift; path = AppleLoginManager.swift; sourceTree = "<group>"; };
		3307405B29F7BCB100823DC2 /* SocialView.xib */ = {isa = PBXFileReference; lastKnownFileType = file.xib; path = SocialView.xib; sourceTree = "<group>"; };
		3307405E29F7BCCA00823DC2 /* SocialView.swift */ = {isa = PBXFileReference; lastKnownFileType = sourcecode.swift; path = SocialView.swift; sourceTree = "<group>"; };
		3307406029F81B5F00823DC2 /* UIView+.swift */ = {isa = PBXFileReference; lastKnownFileType = sourcecode.swift; path = "UIView+.swift"; sourceTree = "<group>"; };
		3324278229E64F1200222E25 /* TermsHeader.xib */ = {isa = PBXFileReference; lastKnownFileType = file.xib; path = TermsHeader.xib; sourceTree = "<group>"; };
		3324278429E650B200222E25 /* TermsHeader.swift */ = {isa = PBXFileReference; lastKnownFileType = sourcecode.swift; path = TermsHeader.swift; sourceTree = "<group>"; };
		332729E829DA951800540D9C /* JoinViewController.swift */ = {isa = PBXFileReference; lastKnownFileType = sourcecode.swift; path = JoinViewController.swift; sourceTree = "<group>"; };
		332729EA29DA95AF00540D9C /* JoinTermsofUseViewController.swift */ = {isa = PBXFileReference; lastKnownFileType = sourcecode.swift; path = JoinTermsofUseViewController.swift; sourceTree = "<group>"; };
		332729EC29DA95E800540D9C /* JoinProfileViewController.swift */ = {isa = PBXFileReference; lastKnownFileType = sourcecode.swift; path = JoinProfileViewController.swift; sourceTree = "<group>"; };
		332729EF29DA9C7800540D9C /* Bundle+plist.swift */ = {isa = PBXFileReference; lastKnownFileType = sourcecode.swift; path = "Bundle+plist.swift"; sourceTree = "<group>"; };
		332729F229DA9D4700540D9C /* InputStackView.xib */ = {isa = PBXFileReference; lastKnownFileType = file.xib; path = InputStackView.xib; sourceTree = "<group>"; };
		332729F529DAA05400540D9C /* InputStackView.swift */ = {isa = PBXFileReference; lastKnownFileType = sourcecode.swift; path = InputStackView.swift; sourceTree = "<group>"; };
		3327C73729DC621A008EEF5C /* SocialJoinViewController.swift */ = {isa = PBXFileReference; lastKnownFileType = sourcecode.swift; path = SocialJoinViewController.swift; sourceTree = "<group>"; };
		3351236129DC8865005BA59B /* User.swift */ = {isa = PBXFileReference; lastKnownFileType = sourcecode.swift; path = User.swift; sourceTree = "<group>"; };
		3351236529DC8A38005BA59B /* NetworkManager.swift */ = {isa = PBXFileReference; lastKnownFileType = sourcecode.swift; path = NetworkManager.swift; sourceTree = "<group>"; };
		3351236729DC8B27005BA59B /* API.swift */ = {isa = PBXFileReference; lastKnownFileType = sourcecode.swift; path = API.swift; sourceTree = "<group>"; };
		3351236A29DFC430005BA59B /* TermsofUse.plist */ = {isa = PBXFileReference; lastKnownFileType = text.plist.xml; path = TermsofUse.plist; sourceTree = "<group>"; };
		3351236D29DFC794005BA59B /* TermsofUseTableView.swift */ = {isa = PBXFileReference; lastKnownFileType = sourcecode.swift; path = TermsofUseTableView.swift; sourceTree = "<group>"; };
		3351237229DFC95C005BA59B /* TermsCell.xib */ = {isa = PBXFileReference; lastKnownFileType = file.xib; path = TermsCell.xib; sourceTree = "<group>"; };
		3351237429DFCDED005BA59B /* TermsCell.swift */ = {isa = PBXFileReference; lastKnownFileType = sourcecode.swift; path = TermsCell.swift; sourceTree = "<group>"; };
		3351237929DFE565005BA59B /* TermsofUseViewController.swift */ = {isa = PBXFileReference; lastKnownFileType = sourcecode.swift; path = TermsofUseViewController.swift; sourceTree = "<group>"; };
		335F201229DB1379006898EC /* Join.storyboard */ = {isa = PBXFileReference; lastKnownFileType = file.storyboard; path = Join.storyboard; sourceTree = "<group>"; };
		335F201429DBE291006898EC /* AgencySelectViewController.swift */ = {isa = PBXFileReference; lastKnownFileType = sourcecode.swift; path = AgencySelectViewController.swift; sourceTree = "<group>"; };
		335F201A29DC2865006898EC /* UIViewController+.swift */ = {isa = PBXFileReference; lastKnownFileType = sourcecode.swift; path = "UIViewController+.swift"; sourceTree = "<group>"; };
		335F201C29DC3D01006898EC /* SocialLogin.swift */ = {isa = PBXFileReference; lastKnownFileType = sourcecode.swift; path = SocialLogin.swift; sourceTree = "<group>"; };
		335F201E29DC3E06006898EC /* String+.swift */ = {isa = PBXFileReference; lastKnownFileType = sourcecode.swift; path = "String+.swift"; sourceTree = "<group>"; };
		3371552D29ED90B4004BE3D4 /* Util.swift */ = {isa = PBXFileReference; lastKnownFileType = sourcecode.swift; path = Util.swift; sourceTree = "<group>"; };
		3371552F29EE53D1004BE3D4 /* UINavigationController+.swift */ = {isa = PBXFileReference; lastKnownFileType = sourcecode.swift; path = "UINavigationController+.swift"; sourceTree = "<group>"; };
		337E45C829D3419F0005AFEE /* MainViewController.swift */ = {isa = PBXFileReference; lastKnownFileType = sourcecode.swift; path = MainViewController.swift; sourceTree = "<group>"; };
		33B4BD8B29FD1B2600120319 /* NaverLoginManager.swift */ = {isa = PBXFileReference; lastKnownFileType = sourcecode.swift; path = NaverLoginManager.swift; sourceTree = "<group>"; };
		33B4BD8D29FD25BB00120319 /* LoginError.swift */ = {isa = PBXFileReference; lastKnownFileType = sourcecode.swift; path = LoginError.swift; sourceTree = "<group>"; };
		33C3474A29D2B65E0089B722 /* LoginViewController.swift */ = {isa = PBXFileReference; lastKnownFileType = sourcecode.swift; path = LoginViewController.swift; sourceTree = "<group>"; };
		33D957FC29FA4CEC0016B1F6 /* FacebookLoginManager.swift */ = {isa = PBXFileReference; lastKnownFileType = sourcecode.swift; path = FacebookLoginManager.swift; sourceTree = "<group>"; };
		33DF299429D31D9B000372A4 /* FirebaseLogin.swift */ = {isa = PBXFileReference; lastKnownFileType = sourcecode.swift; path = FirebaseLogin.swift; sourceTree = "<group>"; };
		33DF299629D33846000372A4 /* JoinVerificationCodeViewController.swift */ = {isa = PBXFileReference; lastKnownFileType = sourcecode.swift; path = JoinVerificationCodeViewController.swift; sourceTree = "<group>"; };
		33F51B4C29D6B01F0021884F /* APIKey.plist */ = {isa = PBXFileReference; lastKnownFileType = text.plist.xml; path = APIKey.plist; sourceTree = "<group>"; };
		33F51B4E29D6C9890021884F /* KakaoPayLoad.swift */ = {isa = PBXFileReference; lastKnownFileType = sourcecode.swift; path = KakaoPayLoad.swift; sourceTree = "<group>"; };
		33FFC48429D3E5CD00ABA054 /* millieLoginCloneCoding.entitlements */ = {isa = PBXFileReference; lastKnownFileType = text.plist.entitlements; path = millieLoginCloneCoding.entitlements; sourceTree = "<group>"; };
		33FFC48929D3F7CA00ABA054 /* Cryptography.swift */ = {isa = PBXFileReference; lastKnownFileType = sourcecode.swift; path = Cryptography.swift; sourceTree = "<group>"; };
		3799C26FC27D84D1C71914C3 /* Pods_millieLoginCloneCoding_millieLoginCloneCodingUITests.framework */ = {isa = PBXFileReference; explicitFileType = wrapper.framework; includeInIndex = 0; path = Pods_millieLoginCloneCoding_millieLoginCloneCodingUITests.framework; sourceTree = BUILT_PRODUCTS_DIR; };
		430958F355B307473356CE46 /* Pods-millieLoginCloneCoding-millieLoginCloneCodingUITests.debug.xcconfig */ = {isa = PBXFileReference; includeInIndex = 1; lastKnownFileType = text.xcconfig; name = "Pods-millieLoginCloneCoding-millieLoginCloneCodingUITests.debug.xcconfig"; path = "Target Support Files/Pods-millieLoginCloneCoding-millieLoginCloneCodingUITests/Pods-millieLoginCloneCoding-millieLoginCloneCodingUITests.debug.xcconfig"; sourceTree = "<group>"; };
		870D55941C90A17D7EB5DE24 /* Pods_millieLoginCloneCodingTests.framework */ = {isa = PBXFileReference; explicitFileType = wrapper.framework; includeInIndex = 0; path = Pods_millieLoginCloneCodingTests.framework; sourceTree = BUILT_PRODUCTS_DIR; };
		895E2595ED6F0E0D4BF0567B /* Pods-millieLoginCloneCoding.release.xcconfig */ = {isa = PBXFileReference; includeInIndex = 1; lastKnownFileType = text.xcconfig; name = "Pods-millieLoginCloneCoding.release.xcconfig"; path = "Target Support Files/Pods-millieLoginCloneCoding/Pods-millieLoginCloneCoding.release.xcconfig"; sourceTree = "<group>"; };
		A04B7F9D46A4E2CAD8F29CD1 /* Pods-millieLoginCloneCoding-millieLoginCloneCodingUITests.release.xcconfig */ = {isa = PBXFileReference; includeInIndex = 1; lastKnownFileType = text.xcconfig; name = "Pods-millieLoginCloneCoding-millieLoginCloneCodingUITests.release.xcconfig"; path = "Target Support Files/Pods-millieLoginCloneCoding-millieLoginCloneCodingUITests/Pods-millieLoginCloneCoding-millieLoginCloneCodingUITests.release.xcconfig"; sourceTree = "<group>"; };
		C87691CAE6D0A42F181264CB /* Pods-millieLoginCloneCoding.debug.xcconfig */ = {isa = PBXFileReference; includeInIndex = 1; lastKnownFileType = text.xcconfig; name = "Pods-millieLoginCloneCoding.debug.xcconfig"; path = "Target Support Files/Pods-millieLoginCloneCoding/Pods-millieLoginCloneCoding.debug.xcconfig"; sourceTree = "<group>"; };
		D90112BD71E83BE43F07E2E7 /* Pods_millieLoginCloneCoding.framework */ = {isa = PBXFileReference; explicitFileType = wrapper.framework; includeInIndex = 0; path = Pods_millieLoginCloneCoding.framework; sourceTree = BUILT_PRODUCTS_DIR; };
		FB7280E89F092AE828760CBF /* Pods-millieLoginCloneCodingTests.debug.xcconfig */ = {isa = PBXFileReference; includeInIndex = 1; lastKnownFileType = text.xcconfig; name = "Pods-millieLoginCloneCodingTests.debug.xcconfig"; path = "Target Support Files/Pods-millieLoginCloneCodingTests/Pods-millieLoginCloneCodingTests.debug.xcconfig"; sourceTree = "<group>"; };
/* End PBXFileReference section */

/* Begin PBXFrameworksBuildPhase section */
		330412D129D2AC48008FD817 /* Frameworks */ = {
			isa = PBXFrameworksBuildPhase;
			buildActionMask = 2147483647;
			files = (
				33D957F929FA49770016B1F6 /* FacebookCore in Frameworks */,
				3351235E29DC87DF005BA59B /* FirebaseDatabase in Frameworks */,
				33FFC48129D3E0AD00ABA054 /* GoogleSignIn in Frameworks */,
				3304130D29D2ADE5008FD817 /* FirebaseAnalyticsSwift in Frameworks */,
				3304130F29D2ADE5008FD817 /* FirebaseAuth in Frameworks */,
				33FFC48329D3E0AD00ABA054 /* GoogleSignInSwift in Frameworks */,
				3304130B29D2ADE5008FD817 /* FirebaseAnalytics in Frameworks */,
				3304131129D2ADE5008FD817 /* FirebaseAuthCombine-Community in Frameworks */,
				33F51B4729D6AC810021884F /* KakaoSDK in Frameworks */,
				3351236029DC87DF005BA59B /* FirebaseDatabaseSwift in Frameworks */,
				33F51B4929D6AC810021884F /* KakaoSDKAuth in Frameworks */,
				33F51B4B29D6AC810021884F /* KakaoSDKUser in Frameworks */,
				33D957FB29FA49770016B1F6 /* FacebookLogin in Frameworks */,
				1116FA2CCD45C4CBA14A2CA3 /* Pods_millieLoginCloneCoding.framework in Frameworks */,
			);
			runOnlyForDeploymentPostprocessing = 0;
		};
		330412E729D2AC49008FD817 /* Frameworks */ = {
			isa = PBXFrameworksBuildPhase;
			buildActionMask = 2147483647;
			files = (
				A0F09160A4F86B39D7E30D45 /* Pods_millieLoginCloneCodingTests.framework in Frameworks */,
			);
			runOnlyForDeploymentPostprocessing = 0;
		};
		330412F129D2AC49008FD817 /* Frameworks */ = {
			isa = PBXFrameworksBuildPhase;
			buildActionMask = 2147483647;
			files = (
				35BD7AD63E2B455E8A1BF824 /* Pods_millieLoginCloneCoding_millieLoginCloneCodingUITests.framework in Frameworks */,
			);
			runOnlyForDeploymentPostprocessing = 0;
		};
/* End PBXFrameworksBuildPhase section */

/* Begin PBXGroup section */
		330412CB29D2AC48008FD817 = {
			isa = PBXGroup;
			children = (
				330412D629D2AC48008FD817 /* millieLoginCloneCoding */,
				330412ED29D2AC49008FD817 /* millieLoginCloneCodingTests */,
				330412F729D2AC49008FD817 /* millieLoginCloneCodingUITests */,
				330412D529D2AC48008FD817 /* Products */,
				3351235C29DC87DF005BA59B /* Frameworks */,
				CBACC29BA6B8565808904B98 /* Pods */,
			);
			sourceTree = "<group>";
		};
		330412D529D2AC48008FD817 /* Products */ = {
			isa = PBXGroup;
			children = (
				330412D429D2AC48008FD817 /* millieLoginCloneCoding.app */,
				330412EA29D2AC49008FD817 /* millieLoginCloneCodingTests.xctest */,
				330412F429D2AC49008FD817 /* millieLoginCloneCodingUITests.xctest */,
			);
			name = Products;
			sourceTree = "<group>";
		};
		330412D629D2AC48008FD817 /* millieLoginCloneCoding */ = {
			isa = PBXGroup;
			children = (
				3371552D29ED90B4004BE3D4 /* Util.swift */,
				33FFC48829D3ED7200ABA054 /* plist */,
				33FFC48429D3E5CD00ABA054 /* millieLoginCloneCoding.entitlements */,
				3371553129EE5433004BE3D4 /* Delegate */,
				332729F129DA9C7C00540D9C /* Extension */,
				33DF299829D33857000372A4 /* Scene */,
				33DF299929D33873000372A4 /* ViewModel */,
				33FFC48729D3ED5300ABA054 /* Storyboard */,
				332729F429DAA01D00540D9C /* CustomView */,
				332729E729DA8B2800540D9C /* Entity */,
			);
			path = millieLoginCloneCoding;
			sourceTree = "<group>";
		};
		330412ED29D2AC49008FD817 /* millieLoginCloneCodingTests */ = {
			isa = PBXGroup;
			children = (
				330412EE29D2AC49008FD817 /* millieLoginCloneCodingTests.swift */,
			);
			path = millieLoginCloneCodingTests;
			sourceTree = "<group>";
		};
		330412F729D2AC49008FD817 /* millieLoginCloneCodingUITests */ = {
			isa = PBXGroup;
			children = (
				330412F829D2AC49008FD817 /* millieLoginCloneCodingUITests.swift */,
				330412FA29D2AC49008FD817 /* millieLoginCloneCodingUITestsLaunchTests.swift */,
			);
			path = millieLoginCloneCodingUITests;
			sourceTree = "<group>";
		};
		3307405D29F7BCBB00823DC2 /* SocialView */ = {
			isa = PBXGroup;
			children = (
				3307405B29F7BCB100823DC2 /* SocialView.xib */,
				3307405E29F7BCCA00823DC2 /* SocialView.swift */,
			);
			path = SocialView;
			sourceTree = "<group>";
		};
		3307406229F8BDCC00823DC2 /* SocialLoginManager */ = {
			isa = PBXGroup;
			children = (
				3307405329F6E6C300823DC2 /* AppleLoginManager.swift */,
				33B4BD8B29FD1B2600120319 /* NaverLoginManager.swift */,
				33D957FC29FA4CEC0016B1F6 /* FacebookLoginManager.swift */,
			);
			path = SocialLoginManager;
			sourceTree = "<group>";
		};
		332729E729DA8B2800540D9C /* Entity */ = {
			isa = PBXGroup;
			children = (
				33B4BD8D29FD25BB00120319 /* LoginError.swift */,
				33F51B4E29D6C9890021884F /* KakaoPayLoad.swift */,
				3307404B29F55AAD00823DC2 /* NaverMeResult.swift */,
				3351236129DC8865005BA59B /* User.swift */,
			);
			path = Entity;
			sourceTree = "<group>";
		};
		332729EE29DA95FB00540D9C /* Join */ = {
			isa = PBXGroup;
			children = (
				332729E829DA951800540D9C /* JoinViewController.swift */,
				332729EA29DA95AF00540D9C /* JoinTermsofUseViewController.swift */,
				332729EC29DA95E800540D9C /* JoinProfileViewController.swift */,
				33DF299629D33846000372A4 /* JoinVerificationCodeViewController.swift */,
				335F201929DC1155006898EC /* Modal */,
			);
			path = Join;
			sourceTree = "<group>";
		};
		332729F129DA9C7C00540D9C /* Extension */ = {
			isa = PBXGroup;
			children = (
				332729EF29DA9C7800540D9C /* Bundle+plist.swift */,
				3307406029F81B5F00823DC2 /* UIView+.swift */,
				335F201E29DC3E06006898EC /* String+.swift */,
				3371552F29EE53D1004BE3D4 /* UINavigationController+.swift */,
				335F201A29DC2865006898EC /* UIViewController+.swift */,
			);
			path = Extension;
			sourceTree = "<group>";
		};
		332729F429DAA01D00540D9C /* CustomView */ = {
			isa = PBXGroup;
			children = (
				3307405D29F7BCBB00823DC2 /* SocialView */,
				3351237129DFC922005BA59B /* TermsofUseCollectionView */,
				3351236C29DFC76E005BA59B /* InputStackView */,
			);
			path = CustomView;
			sourceTree = "<group>";
		};
		3351235C29DC87DF005BA59B /* Frameworks */ = {
			isa = PBXGroup;
			children = (
				D90112BD71E83BE43F07E2E7 /* Pods_millieLoginCloneCoding.framework */,
				3799C26FC27D84D1C71914C3 /* Pods_millieLoginCloneCoding_millieLoginCloneCodingUITests.framework */,
				870D55941C90A17D7EB5DE24 /* Pods_millieLoginCloneCodingTests.framework */,
			);
			name = Frameworks;
			sourceTree = "<group>";
		};
		3351236929DC9389005BA59B /* Network */ = {
			isa = PBXGroup;
			children = (
				3351236529DC8A38005BA59B /* NetworkManager.swift */,
				3351236729DC8B27005BA59B /* API.swift */,
				3307404729F5167F00823DC2 /* LocalAPI.swift */,
				3307404929F53D5A00823DC2 /* NaverLoginAPI.swift */,
			);
			path = Network;
			sourceTree = "<group>";
		};
		3351236C29DFC76E005BA59B /* InputStackView */ = {
			isa = PBXGroup;
			children = (
				332729F229DA9D4700540D9C /* InputStackView.xib */,
				332729F529DAA05400540D9C /* InputStackView.swift */,
			);
			path = InputStackView;
			sourceTree = "<group>";
		};
		3351237129DFC922005BA59B /* TermsofUseCollectionView */ = {
			isa = PBXGroup;
			children = (
				3351237829DFE139005BA59B /* Cell */,
				3351236D29DFC794005BA59B /* TermsofUseTableView.swift */,
			);
			path = TermsofUseCollectionView;
			sourceTree = "<group>";
		};
		3351237829DFE139005BA59B /* Cell */ = {
			isa = PBXGroup;
			children = (
				3351237229DFC95C005BA59B /* TermsCell.xib */,
				3351237429DFCDED005BA59B /* TermsCell.swift */,
				3324278429E650B200222E25 /* TermsHeader.swift */,
				3324278229E64F1200222E25 /* TermsHeader.xib */,
			);
			path = Cell;
			sourceTree = "<group>";
		};
		335F201929DC1155006898EC /* Modal */ = {
			isa = PBXGroup;
			children = (
				335F201429DBE291006898EC /* AgencySelectViewController.swift */,
				3351237929DFE565005BA59B /* TermsofUseViewController.swift */,
				3327C73729DC621A008EEF5C /* SocialJoinViewController.swift */,
			);
			path = Modal;
			sourceTree = "<group>";
		};
		3371553129EE5433004BE3D4 /* Delegate */ = {
			isa = PBXGroup;
			children = (
				330412D729D2AC48008FD817 /* AppDelegate.swift */,
				330412D929D2AC48008FD817 /* SceneDelegate.swift */,
			);
			path = Delegate;
			sourceTree = "<group>";
		};
		33DF299829D33857000372A4 /* Scene */ = {
			isa = PBXGroup;
			children = (
				330412DB29D2AC48008FD817 /* StartViewController.swift */,
				33FFC47C29D35DA400ABA054 /* Main */,
				332729EE29DA95FB00540D9C /* Join */,
				33FFC47D29D35DBB00ABA054 /* Login */,
			);
			path = Scene;
			sourceTree = "<group>";
		};
		33DF299929D33873000372A4 /* ViewModel */ = {
			isa = PBXGroup;
			children = (
				33DF299429D31D9B000372A4 /* FirebaseLogin.swift */,
				335F201C29DC3D01006898EC /* SocialLogin.swift */,
				3307406229F8BDCC00823DC2 /* SocialLoginManager */,
				33FFC48929D3F7CA00ABA054 /* Cryptography.swift */,
				3351236929DC9389005BA59B /* Network */,
			);
			name = ViewModel;
			path = Scene;
			sourceTree = "<group>";
		};
		33FFC47C29D35DA400ABA054 /* Main */ = {
			isa = PBXGroup;
			children = (
				337E45C829D3419F0005AFEE /* MainViewController.swift */,
			);
			path = Main;
			sourceTree = "<group>";
		};
		33FFC47D29D35DBB00ABA054 /* Login */ = {
			isa = PBXGroup;
			children = (
				33C3474A29D2B65E0089B722 /* LoginViewController.swift */,
			);
			path = Login;
			sourceTree = "<group>";
		};
		33FFC48729D3ED5300ABA054 /* Storyboard */ = {
			isa = PBXGroup;
			children = (
				330412DD29D2AC48008FD817 /* Main.storyboard */,
				335F201229DB1379006898EC /* Join.storyboard */,
				330412E229D2AC49008FD817 /* LaunchScreen.storyboard */,
				330412E029D2AC49008FD817 /* Assets.xcassets */,
			);
			path = Storyboard;
			sourceTree = "<group>";
		};
		33FFC48829D3ED7200ABA054 /* plist */ = {
			isa = PBXGroup;
			children = (
				330412E529D2AC49008FD817 /* Info.plist */,
				3304130729D2AD08008FD817 /* GoogleService-Info.plist */,
				33F51B4C29D6B01F0021884F /* APIKey.plist */,
				3351236A29DFC430005BA59B /* TermsofUse.plist */,
			);
			path = plist;
			sourceTree = "<group>";
		};
		CBACC29BA6B8565808904B98 /* Pods */ = {
			isa = PBXGroup;
			children = (
				C87691CAE6D0A42F181264CB /* Pods-millieLoginCloneCoding.debug.xcconfig */,
				895E2595ED6F0E0D4BF0567B /* Pods-millieLoginCloneCoding.release.xcconfig */,
				430958F355B307473356CE46 /* Pods-millieLoginCloneCoding-millieLoginCloneCodingUITests.debug.xcconfig */,
				A04B7F9D46A4E2CAD8F29CD1 /* Pods-millieLoginCloneCoding-millieLoginCloneCodingUITests.release.xcconfig */,
				FB7280E89F092AE828760CBF /* Pods-millieLoginCloneCodingTests.debug.xcconfig */,
				03A177A0914D631C16EA955C /* Pods-millieLoginCloneCodingTests.release.xcconfig */,
			);
			path = Pods;
			sourceTree = "<group>";
		};
/* End PBXGroup section */

/* Begin PBXNativeTarget section */
		330412D329D2AC48008FD817 /* millieLoginCloneCoding */ = {
			isa = PBXNativeTarget;
			buildConfigurationList = 330412FE29D2AC49008FD817 /* Build configuration list for PBXNativeTarget "millieLoginCloneCoding" */;
			buildPhases = (
				B414EBA19BB22FA6C7923CCB /* [CP] Check Pods Manifest.lock */,
				330412D029D2AC48008FD817 /* Sources */,
				330412D129D2AC48008FD817 /* Frameworks */,
				330412D229D2AC48008FD817 /* Resources */,
				6340B133BBC4983F4C93BB77 /* [CP] Embed Pods Frameworks */,
			);
			buildRules = (
			);
			dependencies = (
			);
			name = millieLoginCloneCoding;
			packageProductDependencies = (
				3304130A29D2ADE5008FD817 /* FirebaseAnalytics */,
				3304130C29D2ADE5008FD817 /* FirebaseAnalyticsSwift */,
				3304130E29D2ADE5008FD817 /* FirebaseAuth */,
				3304131029D2ADE5008FD817 /* FirebaseAuthCombine-Community */,
				33FFC48029D3E0AD00ABA054 /* GoogleSignIn */,
				33FFC48229D3E0AD00ABA054 /* GoogleSignInSwift */,
				33F51B4629D6AC810021884F /* KakaoSDK */,
				33F51B4829D6AC810021884F /* KakaoSDKAuth */,
				33F51B4A29D6AC810021884F /* KakaoSDKUser */,
				3351235D29DC87DF005BA59B /* FirebaseDatabase */,
				3351235F29DC87DF005BA59B /* FirebaseDatabaseSwift */,
				33D957F829FA49770016B1F6 /* FacebookCore */,
				33D957FA29FA49770016B1F6 /* FacebookLogin */,
			);
			productName = millieLoginCloneCoding;
			productReference = 330412D429D2AC48008FD817 /* millieLoginCloneCoding.app */;
			productType = "com.apple.product-type.application";
		};
		330412E929D2AC49008FD817 /* millieLoginCloneCodingTests */ = {
			isa = PBXNativeTarget;
			buildConfigurationList = 3304130129D2AC49008FD817 /* Build configuration list for PBXNativeTarget "millieLoginCloneCodingTests" */;
			buildPhases = (
				6012B0CB853C3A69D62CE2CA /* [CP] Check Pods Manifest.lock */,
				330412E629D2AC49008FD817 /* Sources */,
				330412E729D2AC49008FD817 /* Frameworks */,
				330412E829D2AC49008FD817 /* Resources */,
			);
			buildRules = (
			);
			dependencies = (
				330412EC29D2AC49008FD817 /* PBXTargetDependency */,
			);
			name = millieLoginCloneCodingTests;
			productName = millieLoginCloneCodingTests;
			productReference = 330412EA29D2AC49008FD817 /* millieLoginCloneCodingTests.xctest */;
			productType = "com.apple.product-type.bundle.unit-test";
		};
		330412F329D2AC49008FD817 /* millieLoginCloneCodingUITests */ = {
			isa = PBXNativeTarget;
			buildConfigurationList = 3304130429D2AC49008FD817 /* Build configuration list for PBXNativeTarget "millieLoginCloneCodingUITests" */;
			buildPhases = (
				7327B8EA40250046C1EA3E78 /* [CP] Check Pods Manifest.lock */,
				330412F029D2AC49008FD817 /* Sources */,
				330412F129D2AC49008FD817 /* Frameworks */,
				330412F229D2AC49008FD817 /* Resources */,
				8648B61FB30811765AAE8662 /* [CP] Embed Pods Frameworks */,
			);
			buildRules = (
			);
			dependencies = (
				330412F629D2AC49008FD817 /* PBXTargetDependency */,
			);
			name = millieLoginCloneCodingUITests;
			productName = millieLoginCloneCodingUITests;
			productReference = 330412F429D2AC49008FD817 /* millieLoginCloneCodingUITests.xctest */;
			productType = "com.apple.product-type.bundle.ui-testing";
		};
/* End PBXNativeTarget section */

/* Begin PBXProject section */
		330412CC29D2AC48008FD817 /* Project object */ = {
			isa = PBXProject;
			attributes = {
				BuildIndependentTargetsInParallel = 1;
				LastSwiftUpdateCheck = 1420;
				LastUpgradeCheck = 1420;
				TargetAttributes = {
					330412D329D2AC48008FD817 = {
						CreatedOnToolsVersion = 14.2;
					};
					330412E929D2AC49008FD817 = {
						CreatedOnToolsVersion = 14.2;
						TestTargetID = 330412D329D2AC48008FD817;
					};
					330412F329D2AC49008FD817 = {
						CreatedOnToolsVersion = 14.2;
						TestTargetID = 330412D329D2AC48008FD817;
					};
				};
			};
			buildConfigurationList = 330412CF29D2AC48008FD817 /* Build configuration list for PBXProject "millieLoginCloneCoding" */;
			compatibilityVersion = "Xcode 13.0";
			developmentRegion = en;
			hasScannedForEncodings = 0;
			knownRegions = (
				en,
				Base,
			);
			mainGroup = 330412CB29D2AC48008FD817;
			packageReferences = (
				3304130929D2ADE5008FD817 /* XCRemoteSwiftPackageReference "firebase-ios-sdk" */,
				33FFC47F29D3E0AD00ABA054 /* XCRemoteSwiftPackageReference "GoogleSignIn-iOS" */,
				33F51B4529D6AC810021884F /* XCRemoteSwiftPackageReference "kakao-ios-sdk" */,
				33D957F729FA49770016B1F6 /* XCRemoteSwiftPackageReference "facebook-ios-sdk" */,
			);
			productRefGroup = 330412D529D2AC48008FD817 /* Products */;
			projectDirPath = "";
			projectRoot = "";
			targets = (
				330412D329D2AC48008FD817 /* millieLoginCloneCoding */,
				330412E929D2AC49008FD817 /* millieLoginCloneCodingTests */,
				330412F329D2AC49008FD817 /* millieLoginCloneCodingUITests */,
			);
		};
/* End PBXProject section */

/* Begin PBXResourcesBuildPhase section */
		330412D229D2AC48008FD817 /* Resources */ = {
			isa = PBXResourcesBuildPhase;
			buildActionMask = 2147483647;
			files = (
				332729F329DA9D4700540D9C /* InputStackView.xib in Resources */,
				33F51B4D29D6B01F0021884F /* APIKey.plist in Resources */,
				330412E429D2AC49008FD817 /* LaunchScreen.storyboard in Resources */,
				3304130829D2AD08008FD817 /* GoogleService-Info.plist in Resources */,
				3324278329E64F1200222E25 /* TermsHeader.xib in Resources */,
				3351237329DFC95C005BA59B /* TermsCell.xib in Resources */,
				330412E129D2AC49008FD817 /* Assets.xcassets in Resources */,
				335F201329DB1379006898EC /* Join.storyboard in Resources */,
				330412DF29D2AC48008FD817 /* Main.storyboard in Resources */,
				3351236B29DFC430005BA59B /* TermsofUse.plist in Resources */,
				3307405C29F7BCB100823DC2 /* SocialView.xib in Resources */,
			);
			runOnlyForDeploymentPostprocessing = 0;
		};
		330412E829D2AC49008FD817 /* Resources */ = {
			isa = PBXResourcesBuildPhase;
			buildActionMask = 2147483647;
			files = (
			);
			runOnlyForDeploymentPostprocessing = 0;
		};
		330412F229D2AC49008FD817 /* Resources */ = {
			isa = PBXResourcesBuildPhase;
			buildActionMask = 2147483647;
			files = (
			);
			runOnlyForDeploymentPostprocessing = 0;
		};
/* End PBXResourcesBuildPhase section */

/* Begin PBXShellScriptBuildPhase section */
		6012B0CB853C3A69D62CE2CA /* [CP] Check Pods Manifest.lock */ = {
			isa = PBXShellScriptBuildPhase;
			buildActionMask = 2147483647;
			files = (
			);
			inputFileListPaths = (
			);
			inputPaths = (
				"${PODS_PODFILE_DIR_PATH}/Podfile.lock",
				"${PODS_ROOT}/Manifest.lock",
			);
			name = "[CP] Check Pods Manifest.lock";
			outputFileListPaths = (
			);
			outputPaths = (
				"$(DERIVED_FILE_DIR)/Pods-millieLoginCloneCodingTests-checkManifestLockResult.txt",
			);
			runOnlyForDeploymentPostprocessing = 0;
			shellPath = /bin/sh;
			shellScript = "diff \"${PODS_PODFILE_DIR_PATH}/Podfile.lock\" \"${PODS_ROOT}/Manifest.lock\" > /dev/null\nif [ $? != 0 ] ; then\n    # print error to STDERR\n    echo \"error: The sandbox is not in sync with the Podfile.lock. Run 'pod install' or update your CocoaPods installation.\" >&2\n    exit 1\nfi\n# This output is used by Xcode 'outputs' to avoid re-running this script phase.\necho \"SUCCESS\" > \"${SCRIPT_OUTPUT_FILE_0}\"\n";
			showEnvVarsInLog = 0;
		};
		6340B133BBC4983F4C93BB77 /* [CP] Embed Pods Frameworks */ = {
			isa = PBXShellScriptBuildPhase;
			buildActionMask = 2147483647;
			files = (
			);
			inputFileListPaths = (
				"${PODS_ROOT}/Target Support Files/Pods-millieLoginCloneCoding/Pods-millieLoginCloneCoding-frameworks-${CONFIGURATION}-input-files.xcfilelist",
			);
			name = "[CP] Embed Pods Frameworks";
			outputFileListPaths = (
				"${PODS_ROOT}/Target Support Files/Pods-millieLoginCloneCoding/Pods-millieLoginCloneCoding-frameworks-${CONFIGURATION}-output-files.xcfilelist",
			);
			runOnlyForDeploymentPostprocessing = 0;
			shellPath = /bin/sh;
			shellScript = "\"${PODS_ROOT}/Target Support Files/Pods-millieLoginCloneCoding/Pods-millieLoginCloneCoding-frameworks.sh\"\n";
			showEnvVarsInLog = 0;
		};
		7327B8EA40250046C1EA3E78 /* [CP] Check Pods Manifest.lock */ = {
			isa = PBXShellScriptBuildPhase;
			buildActionMask = 2147483647;
			files = (
			);
			inputFileListPaths = (
			);
			inputPaths = (
				"${PODS_PODFILE_DIR_PATH}/Podfile.lock",
				"${PODS_ROOT}/Manifest.lock",
			);
			name = "[CP] Check Pods Manifest.lock";
			outputFileListPaths = (
			);
			outputPaths = (
				"$(DERIVED_FILE_DIR)/Pods-millieLoginCloneCoding-millieLoginCloneCodingUITests-checkManifestLockResult.txt",
			);
			runOnlyForDeploymentPostprocessing = 0;
			shellPath = /bin/sh;
			shellScript = "diff \"${PODS_PODFILE_DIR_PATH}/Podfile.lock\" \"${PODS_ROOT}/Manifest.lock\" > /dev/null\nif [ $? != 0 ] ; then\n    # print error to STDERR\n    echo \"error: The sandbox is not in sync with the Podfile.lock. Run 'pod install' or update your CocoaPods installation.\" >&2\n    exit 1\nfi\n# This output is used by Xcode 'outputs' to avoid re-running this script phase.\necho \"SUCCESS\" > \"${SCRIPT_OUTPUT_FILE_0}\"\n";
			showEnvVarsInLog = 0;
		};
		8648B61FB30811765AAE8662 /* [CP] Embed Pods Frameworks */ = {
			isa = PBXShellScriptBuildPhase;
			buildActionMask = 2147483647;
			files = (
			);
			inputFileListPaths = (
				"${PODS_ROOT}/Target Support Files/Pods-millieLoginCloneCoding-millieLoginCloneCodingUITests/Pods-millieLoginCloneCoding-millieLoginCloneCodingUITests-frameworks-${CONFIGURATION}-input-files.xcfilelist",
			);
			name = "[CP] Embed Pods Frameworks";
			outputFileListPaths = (
				"${PODS_ROOT}/Target Support Files/Pods-millieLoginCloneCoding-millieLoginCloneCodingUITests/Pods-millieLoginCloneCoding-millieLoginCloneCodingUITests-frameworks-${CONFIGURATION}-output-files.xcfilelist",
			);
			runOnlyForDeploymentPostprocessing = 0;
			shellPath = /bin/sh;
			shellScript = "\"${PODS_ROOT}/Target Support Files/Pods-millieLoginCloneCoding-millieLoginCloneCodingUITests/Pods-millieLoginCloneCoding-millieLoginCloneCodingUITests-frameworks.sh\"\n";
			showEnvVarsInLog = 0;
		};
		B414EBA19BB22FA6C7923CCB /* [CP] Check Pods Manifest.lock */ = {
			isa = PBXShellScriptBuildPhase;
			buildActionMask = 2147483647;
			files = (
			);
			inputFileListPaths = (
			);
			inputPaths = (
				"${PODS_PODFILE_DIR_PATH}/Podfile.lock",
				"${PODS_ROOT}/Manifest.lock",
			);
			name = "[CP] Check Pods Manifest.lock";
			outputFileListPaths = (
			);
			outputPaths = (
				"$(DERIVED_FILE_DIR)/Pods-millieLoginCloneCoding-checkManifestLockResult.txt",
			);
			runOnlyForDeploymentPostprocessing = 0;
			shellPath = /bin/sh;
			shellScript = "diff \"${PODS_PODFILE_DIR_PATH}/Podfile.lock\" \"${PODS_ROOT}/Manifest.lock\" > /dev/null\nif [ $? != 0 ] ; then\n    # print error to STDERR\n    echo \"error: The sandbox is not in sync with the Podfile.lock. Run 'pod install' or update your CocoaPods installation.\" >&2\n    exit 1\nfi\n# This output is used by Xcode 'outputs' to avoid re-running this script phase.\necho \"SUCCESS\" > \"${SCRIPT_OUTPUT_FILE_0}\"\n";
			showEnvVarsInLog = 0;
		};
/* End PBXShellScriptBuildPhase section */

/* Begin PBXSourcesBuildPhase section */
		330412D029D2AC48008FD817 /* Sources */ = {
			isa = PBXSourcesBuildPhase;
			buildActionMask = 2147483647;
			files = (
				3324278529E650B200222E25 /* TermsHeader.swift in Sources */,
				337E45C929D3419F0005AFEE /* MainViewController.swift in Sources */,
				33C3474B29D2B65E0089B722 /* LoginViewController.swift in Sources */,
				33D957FD29FA4CEC0016B1F6 /* FacebookLoginManager.swift in Sources */,
				332729EB29DA95AF00540D9C /* JoinTermsofUseViewController.swift in Sources */,
				3327C73829DC621A008EEF5C /* SocialJoinViewController.swift in Sources */,
				330412DC29D2AC48008FD817 /* StartViewController.swift in Sources */,
				3351237529DFCDED005BA59B /* TermsCell.swift in Sources */,
				3351237A29DFE565005BA59B /* TermsofUseViewController.swift in Sources */,
				335F201529DBE291006898EC /* AgencySelectViewController.swift in Sources */,
				3351236E29DFC794005BA59B /* TermsofUseTableView.swift in Sources */,
				3371552E29ED90B4004BE3D4 /* Util.swift in Sources */,
				33B4BD8E29FD25BB00120319 /* LoginError.swift in Sources */,
				335F201D29DC3D01006898EC /* SocialLogin.swift in Sources */,
				33DF299729D33846000372A4 /* JoinVerificationCodeViewController.swift in Sources */,
				3351236229DC8865005BA59B /* User.swift in Sources */,
				330412D829D2AC48008FD817 /* AppDelegate.swift in Sources */,
				3307404A29F53D5A00823DC2 /* NaverLoginAPI.swift in Sources */,
				332729ED29DA95E800540D9C /* JoinProfileViewController.swift in Sources */,
				332729F029DA9C7800540D9C /* Bundle+plist.swift in Sources */,
				335F201F29DC3E06006898EC /* String+.swift in Sources */,
				33F51B4F29D6C9890021884F /* KakaoPayLoad.swift in Sources */,
				335F201B29DC2865006898EC /* UIViewController+.swift in Sources */,
				3307405F29F7BCCA00823DC2 /* SocialView.swift in Sources */,
				3351236829DC8B27005BA59B /* API.swift in Sources */,
				33FFC48A29D3F7CA00ABA054 /* Cryptography.swift in Sources */,
				3351236629DC8A38005BA59B /* NetworkManager.swift in Sources */,
				3307405429F6E6C300823DC2 /* AppleLoginManager.swift in Sources */,
				3307406129F81B5F00823DC2 /* UIView+.swift in Sources */,
				332729F629DAA05400540D9C /* InputStackView.swift in Sources */,
				3371553029EE53D1004BE3D4 /* UINavigationController+.swift in Sources */,
				33B4BD8C29FD1B2600120319 /* NaverLoginManager.swift in Sources */,
				3307404C29F55AAD00823DC2 /* NaverMeResult.swift in Sources */,
				3307404829F5167F00823DC2 /* LocalAPI.swift in Sources */,
				33DF299529D31D9B000372A4 /* FirebaseLogin.swift in Sources */,
				332729E929DA951800540D9C /* JoinViewController.swift in Sources */,
				330412DA29D2AC48008FD817 /* SceneDelegate.swift in Sources */,
			);
			runOnlyForDeploymentPostprocessing = 0;
		};
		330412E629D2AC49008FD817 /* Sources */ = {
			isa = PBXSourcesBuildPhase;
			buildActionMask = 2147483647;
			files = (
				330412EF29D2AC49008FD817 /* millieLoginCloneCodingTests.swift in Sources */,
			);
			runOnlyForDeploymentPostprocessing = 0;
		};
		330412F029D2AC49008FD817 /* Sources */ = {
			isa = PBXSourcesBuildPhase;
			buildActionMask = 2147483647;
			files = (
				330412FB29D2AC49008FD817 /* millieLoginCloneCodingUITestsLaunchTests.swift in Sources */,
				330412F929D2AC49008FD817 /* millieLoginCloneCodingUITests.swift in Sources */,
			);
			runOnlyForDeploymentPostprocessing = 0;
		};
/* End PBXSourcesBuildPhase section */

/* Begin PBXTargetDependency section */
		330412EC29D2AC49008FD817 /* PBXTargetDependency */ = {
			isa = PBXTargetDependency;
			target = 330412D329D2AC48008FD817 /* millieLoginCloneCoding */;
			targetProxy = 330412EB29D2AC49008FD817 /* PBXContainerItemProxy */;
		};
		330412F629D2AC49008FD817 /* PBXTargetDependency */ = {
			isa = PBXTargetDependency;
			target = 330412D329D2AC48008FD817 /* millieLoginCloneCoding */;
			targetProxy = 330412F529D2AC49008FD817 /* PBXContainerItemProxy */;
		};
/* End PBXTargetDependency section */

/* Begin PBXVariantGroup section */
		330412DD29D2AC48008FD817 /* Main.storyboard */ = {
			isa = PBXVariantGroup;
			children = (
				330412DE29D2AC48008FD817 /* Base */,
			);
			name = Main.storyboard;
			sourceTree = "<group>";
		};
		330412E229D2AC49008FD817 /* LaunchScreen.storyboard */ = {
			isa = PBXVariantGroup;
			children = (
				330412E329D2AC49008FD817 /* Base */,
			);
			name = LaunchScreen.storyboard;
			sourceTree = "<group>";
		};
/* End PBXVariantGroup section */

/* Begin XCBuildConfiguration section */
		330412FC29D2AC49008FD817 /* Debug */ = {
			isa = XCBuildConfiguration;
			buildSettings = {
				ALWAYS_SEARCH_USER_PATHS = NO;
				CLANG_ANALYZER_NONNULL = YES;
				CLANG_ANALYZER_NUMBER_OBJECT_CONVERSION = YES_AGGRESSIVE;
				CLANG_CXX_LANGUAGE_STANDARD = "gnu++20";
				CLANG_ENABLE_MODULES = YES;
				CLANG_ENABLE_OBJC_ARC = YES;
				CLANG_ENABLE_OBJC_WEAK = YES;
				CLANG_WARN_BLOCK_CAPTURE_AUTORELEASING = YES;
				CLANG_WARN_BOOL_CONVERSION = YES;
				CLANG_WARN_COMMA = YES;
				CLANG_WARN_CONSTANT_CONVERSION = YES;
				CLANG_WARN_DEPRECATED_OBJC_IMPLEMENTATIONS = YES;
				CLANG_WARN_DIRECT_OBJC_ISA_USAGE = YES_ERROR;
				CLANG_WARN_DOCUMENTATION_COMMENTS = YES;
				CLANG_WARN_EMPTY_BODY = YES;
				CLANG_WARN_ENUM_CONVERSION = YES;
				CLANG_WARN_INFINITE_RECURSION = YES;
				CLANG_WARN_INT_CONVERSION = YES;
				CLANG_WARN_NON_LITERAL_NULL_CONVERSION = YES;
				CLANG_WARN_OBJC_IMPLICIT_RETAIN_SELF = YES;
				CLANG_WARN_OBJC_LITERAL_CONVERSION = YES;
				CLANG_WARN_OBJC_ROOT_CLASS = YES_ERROR;
				CLANG_WARN_QUOTED_INCLUDE_IN_FRAMEWORK_HEADER = YES;
				CLANG_WARN_RANGE_LOOP_ANALYSIS = YES;
				CLANG_WARN_STRICT_PROTOTYPES = YES;
				CLANG_WARN_SUSPICIOUS_MOVE = YES;
				CLANG_WARN_UNGUARDED_AVAILABILITY = YES_AGGRESSIVE;
				CLANG_WARN_UNREACHABLE_CODE = YES;
				CLANG_WARN__DUPLICATE_METHOD_MATCH = YES;
				COPY_PHASE_STRIP = NO;
				DEBUG_INFORMATION_FORMAT = dwarf;
				ENABLE_STRICT_OBJC_MSGSEND = YES;
				ENABLE_TESTABILITY = YES;
				GCC_C_LANGUAGE_STANDARD = gnu11;
				GCC_DYNAMIC_NO_PIC = NO;
				GCC_NO_COMMON_BLOCKS = YES;
				GCC_OPTIMIZATION_LEVEL = 0;
				GCC_PREPROCESSOR_DEFINITIONS = (
					"DEBUG=1",
					"$(inherited)",
				);
				GCC_WARN_64_TO_32_BIT_CONVERSION = YES;
				GCC_WARN_ABOUT_RETURN_TYPE = YES_ERROR;
				GCC_WARN_UNDECLARED_SELECTOR = YES;
				GCC_WARN_UNINITIALIZED_AUTOS = YES_AGGRESSIVE;
				GCC_WARN_UNUSED_FUNCTION = YES;
				GCC_WARN_UNUSED_VARIABLE = YES;
				IPHONEOS_DEPLOYMENT_TARGET = 16.0;
				MTL_ENABLE_DEBUG_INFO = INCLUDE_SOURCE;
				MTL_FAST_MATH = YES;
				ONLY_ACTIVE_ARCH = YES;
				SDKROOT = iphoneos;
				SWIFT_ACTIVE_COMPILATION_CONDITIONS = DEBUG;
				SWIFT_OPTIMIZATION_LEVEL = "-Onone";
			};
			name = Debug;
		};
		330412FD29D2AC49008FD817 /* Release */ = {
			isa = XCBuildConfiguration;
			buildSettings = {
				ALWAYS_SEARCH_USER_PATHS = NO;
				CLANG_ANALYZER_NONNULL = YES;
				CLANG_ANALYZER_NUMBER_OBJECT_CONVERSION = YES_AGGRESSIVE;
				CLANG_CXX_LANGUAGE_STANDARD = "gnu++20";
				CLANG_ENABLE_MODULES = YES;
				CLANG_ENABLE_OBJC_ARC = YES;
				CLANG_ENABLE_OBJC_WEAK = YES;
				CLANG_WARN_BLOCK_CAPTURE_AUTORELEASING = YES;
				CLANG_WARN_BOOL_CONVERSION = YES;
				CLANG_WARN_COMMA = YES;
				CLANG_WARN_CONSTANT_CONVERSION = YES;
				CLANG_WARN_DEPRECATED_OBJC_IMPLEMENTATIONS = YES;
				CLANG_WARN_DIRECT_OBJC_ISA_USAGE = YES_ERROR;
				CLANG_WARN_DOCUMENTATION_COMMENTS = YES;
				CLANG_WARN_EMPTY_BODY = YES;
				CLANG_WARN_ENUM_CONVERSION = YES;
				CLANG_WARN_INFINITE_RECURSION = YES;
				CLANG_WARN_INT_CONVERSION = YES;
				CLANG_WARN_NON_LITERAL_NULL_CONVERSION = YES;
				CLANG_WARN_OBJC_IMPLICIT_RETAIN_SELF = YES;
				CLANG_WARN_OBJC_LITERAL_CONVERSION = YES;
				CLANG_WARN_OBJC_ROOT_CLASS = YES_ERROR;
				CLANG_WARN_QUOTED_INCLUDE_IN_FRAMEWORK_HEADER = YES;
				CLANG_WARN_RANGE_LOOP_ANALYSIS = YES;
				CLANG_WARN_STRICT_PROTOTYPES = YES;
				CLANG_WARN_SUSPICIOUS_MOVE = YES;
				CLANG_WARN_UNGUARDED_AVAILABILITY = YES_AGGRESSIVE;
				CLANG_WARN_UNREACHABLE_CODE = YES;
				CLANG_WARN__DUPLICATE_METHOD_MATCH = YES;
				COPY_PHASE_STRIP = NO;
				DEBUG_INFORMATION_FORMAT = "dwarf-with-dsym";
				ENABLE_NS_ASSERTIONS = NO;
				ENABLE_STRICT_OBJC_MSGSEND = YES;
				GCC_C_LANGUAGE_STANDARD = gnu11;
				GCC_NO_COMMON_BLOCKS = YES;
				GCC_WARN_64_TO_32_BIT_CONVERSION = YES;
				GCC_WARN_ABOUT_RETURN_TYPE = YES_ERROR;
				GCC_WARN_UNDECLARED_SELECTOR = YES;
				GCC_WARN_UNINITIALIZED_AUTOS = YES_AGGRESSIVE;
				GCC_WARN_UNUSED_FUNCTION = YES;
				GCC_WARN_UNUSED_VARIABLE = YES;
				IPHONEOS_DEPLOYMENT_TARGET = 16.0;
				MTL_ENABLE_DEBUG_INFO = NO;
				MTL_FAST_MATH = YES;
				SDKROOT = iphoneos;
				SWIFT_COMPILATION_MODE = wholemodule;
				SWIFT_OPTIMIZATION_LEVEL = "-O";
				VALIDATE_PRODUCT = YES;
			};
			name = Release;
		};
		330412FF29D2AC49008FD817 /* Debug */ = {
			isa = XCBuildConfiguration;
			baseConfigurationReference = C87691CAE6D0A42F181264CB /* Pods-millieLoginCloneCoding.debug.xcconfig */;
			buildSettings = {
				ASSETCATALOG_COMPILER_APPICON_NAME = AppIcon;
				ASSETCATALOG_COMPILER_GLOBAL_ACCENT_COLOR_NAME = AccentColor;
				CODE_SIGN_ENTITLEMENTS = millieLoginCloneCoding/millieLoginCloneCoding.entitlements;
				CODE_SIGN_STYLE = Automatic;
				CURRENT_PROJECT_VERSION = 1;
				DEVELOPMENT_TEAM = 4QNJWH8J8Y;
				GENERATE_INFOPLIST_FILE = YES;
				INFOPLIST_FILE = millieLoginCloneCoding/plist/Info.plist;
				INFOPLIST_KEY_UIApplicationSupportsIndirectInputEvents = YES;
				INFOPLIST_KEY_UILaunchStoryboardName = LaunchScreen;
				INFOPLIST_KEY_UIMainStoryboardFile = Main;
				INFOPLIST_KEY_UISupportedInterfaceOrientations_iPad = "UIInterfaceOrientationPortrait UIInterfaceOrientationPortraitUpsideDown UIInterfaceOrientationLandscapeLeft UIInterfaceOrientationLandscapeRight";
				INFOPLIST_KEY_UISupportedInterfaceOrientations_iPhone = "UIInterfaceOrientationPortrait UIInterfaceOrientationLandscapeLeft UIInterfaceOrientationLandscapeRight";
				LD_RUNPATH_SEARCH_PATHS = (
					"$(inherited)",
					"@executable_path/Frameworks",
				);
				MARKETING_VERSION = 1.0;
				PRODUCT_BUNDLE_IDENTIFIER = hana.millieLoginCloneCoding;
				PRODUCT_NAME = "$(TARGET_NAME)";
				SWIFT_EMIT_LOC_STRINGS = YES;
				SWIFT_OBJC_BRIDGING_HEADER = "";
				SWIFT_VERSION = 5.0;
				TARGETED_DEVICE_FAMILY = "1,2";
			};
			name = Debug;
		};
		3304130029D2AC49008FD817 /* Release */ = {
			isa = XCBuildConfiguration;
			baseConfigurationReference = 895E2595ED6F0E0D4BF0567B /* Pods-millieLoginCloneCoding.release.xcconfig */;
			buildSettings = {
				ASSETCATALOG_COMPILER_APPICON_NAME = AppIcon;
				ASSETCATALOG_COMPILER_GLOBAL_ACCENT_COLOR_NAME = AccentColor;
				CODE_SIGN_ENTITLEMENTS = millieLoginCloneCoding/millieLoginCloneCoding.entitlements;
				CODE_SIGN_STYLE = Automatic;
				CURRENT_PROJECT_VERSION = 1;
				DEVELOPMENT_TEAM = 4QNJWH8J8Y;
				GENERATE_INFOPLIST_FILE = YES;
				INFOPLIST_FILE = millieLoginCloneCoding/plist/Info.plist;
				INFOPLIST_KEY_UIApplicationSupportsIndirectInputEvents = YES;
				INFOPLIST_KEY_UILaunchStoryboardName = LaunchScreen;
				INFOPLIST_KEY_UIMainStoryboardFile = Main;
				INFOPLIST_KEY_UISupportedInterfaceOrientations_iPad = "UIInterfaceOrientationPortrait UIInterfaceOrientationPortraitUpsideDown UIInterfaceOrientationLandscapeLeft UIInterfaceOrientationLandscapeRight";
				INFOPLIST_KEY_UISupportedInterfaceOrientations_iPhone = "UIInterfaceOrientationPortrait UIInterfaceOrientationLandscapeLeft UIInterfaceOrientationLandscapeRight";
				LD_RUNPATH_SEARCH_PATHS = (
					"$(inherited)",
					"@executable_path/Frameworks",
				);
				MARKETING_VERSION = 1.0;
				PRODUCT_BUNDLE_IDENTIFIER = hana.millieLoginCloneCoding;
				PRODUCT_NAME = "$(TARGET_NAME)";
				SWIFT_EMIT_LOC_STRINGS = YES;
				SWIFT_OBJC_BRIDGING_HEADER = "";
				SWIFT_VERSION = 5.0;
				TARGETED_DEVICE_FAMILY = "1,2";
			};
			name = Release;
		};
		3304130229D2AC49008FD817 /* Debug */ = {
			isa = XCBuildConfiguration;
			baseConfigurationReference = FB7280E89F092AE828760CBF /* Pods-millieLoginCloneCodingTests.debug.xcconfig */;
			buildSettings = {
				ALWAYS_EMBED_SWIFT_STANDARD_LIBRARIES = YES;
				BUNDLE_LOADER = "$(TEST_HOST)";
				CODE_SIGN_STYLE = Automatic;
				CURRENT_PROJECT_VERSION = 1;
				DEVELOPMENT_TEAM = 4QNJWH8J8Y;
				GENERATE_INFOPLIST_FILE = YES;
				IPHONEOS_DEPLOYMENT_TARGET = 16.2;
				MARKETING_VERSION = 1.0;
				PRODUCT_BUNDLE_IDENTIFIER = hana.millieLoginCloneCodingTests;
				PRODUCT_NAME = "$(TARGET_NAME)";
				SWIFT_EMIT_LOC_STRINGS = NO;
				SWIFT_VERSION = 5.0;
				TARGETED_DEVICE_FAMILY = "1,2";
				TEST_HOST = "$(BUILT_PRODUCTS_DIR)/millieLoginCloneCoding.app/$(BUNDLE_EXECUTABLE_FOLDER_PATH)/millieLoginCloneCoding";
			};
			name = Debug;
		};
		3304130329D2AC49008FD817 /* Release */ = {
			isa = XCBuildConfiguration;
			baseConfigurationReference = 03A177A0914D631C16EA955C /* Pods-millieLoginCloneCodingTests.release.xcconfig */;
			buildSettings = {
				ALWAYS_EMBED_SWIFT_STANDARD_LIBRARIES = YES;
				BUNDLE_LOADER = "$(TEST_HOST)";
				CODE_SIGN_STYLE = Automatic;
				CURRENT_PROJECT_VERSION = 1;
				DEVELOPMENT_TEAM = 4QNJWH8J8Y;
				GENERATE_INFOPLIST_FILE = YES;
				IPHONEOS_DEPLOYMENT_TARGET = 16.2;
				MARKETING_VERSION = 1.0;
				PRODUCT_BUNDLE_IDENTIFIER = hana.millieLoginCloneCodingTests;
				PRODUCT_NAME = "$(TARGET_NAME)";
				SWIFT_EMIT_LOC_STRINGS = NO;
				SWIFT_VERSION = 5.0;
				TARGETED_DEVICE_FAMILY = "1,2";
				TEST_HOST = "$(BUILT_PRODUCTS_DIR)/millieLoginCloneCoding.app/$(BUNDLE_EXECUTABLE_FOLDER_PATH)/millieLoginCloneCoding";
			};
			name = Release;
		};
		3304130529D2AC49008FD817 /* Debug */ = {
			isa = XCBuildConfiguration;
			baseConfigurationReference = 430958F355B307473356CE46 /* Pods-millieLoginCloneCoding-millieLoginCloneCodingUITests.debug.xcconfig */;
			buildSettings = {
				ALWAYS_EMBED_SWIFT_STANDARD_LIBRARIES = YES;
				CODE_SIGN_STYLE = Automatic;
				CURRENT_PROJECT_VERSION = 1;
				DEVELOPMENT_TEAM = 4QNJWH8J8Y;
				GENERATE_INFOPLIST_FILE = YES;
				MARKETING_VERSION = 1.0;
				PRODUCT_BUNDLE_IDENTIFIER = hana.millieLoginCloneCodingUITests;
				PRODUCT_NAME = "$(TARGET_NAME)";
				SWIFT_EMIT_LOC_STRINGS = NO;
				SWIFT_VERSION = 5.0;
				TARGETED_DEVICE_FAMILY = "1,2";
				TEST_TARGET_NAME = millieLoginCloneCoding;
			};
			name = Debug;
		};
		3304130629D2AC49008FD817 /* Release */ = {
			isa = XCBuildConfiguration;
			baseConfigurationReference = A04B7F9D46A4E2CAD8F29CD1 /* Pods-millieLoginCloneCoding-millieLoginCloneCodingUITests.release.xcconfig */;
			buildSettings = {
				ALWAYS_EMBED_SWIFT_STANDARD_LIBRARIES = YES;
				CODE_SIGN_STYLE = Automatic;
				CURRENT_PROJECT_VERSION = 1;
				DEVELOPMENT_TEAM = 4QNJWH8J8Y;
				GENERATE_INFOPLIST_FILE = YES;
				MARKETING_VERSION = 1.0;
				PRODUCT_BUNDLE_IDENTIFIER = hana.millieLoginCloneCodingUITests;
				PRODUCT_NAME = "$(TARGET_NAME)";
				SWIFT_EMIT_LOC_STRINGS = NO;
				SWIFT_VERSION = 5.0;
				TARGETED_DEVICE_FAMILY = "1,2";
				TEST_TARGET_NAME = millieLoginCloneCoding;
			};
			name = Release;
		};
/* End XCBuildConfiguration section */

/* Begin XCConfigurationList section */
		330412CF29D2AC48008FD817 /* Build configuration list for PBXProject "millieLoginCloneCoding" */ = {
			isa = XCConfigurationList;
			buildConfigurations = (
				330412FC29D2AC49008FD817 /* Debug */,
				330412FD29D2AC49008FD817 /* Release */,
			);
			defaultConfigurationIsVisible = 0;
			defaultConfigurationName = Release;
		};
		330412FE29D2AC49008FD817 /* Build configuration list for PBXNativeTarget "millieLoginCloneCoding" */ = {
			isa = XCConfigurationList;
			buildConfigurations = (
				330412FF29D2AC49008FD817 /* Debug */,
				3304130029D2AC49008FD817 /* Release */,
			);
			defaultConfigurationIsVisible = 0;
			defaultConfigurationName = Release;
		};
		3304130129D2AC49008FD817 /* Build configuration list for PBXNativeTarget "millieLoginCloneCodingTests" */ = {
			isa = XCConfigurationList;
			buildConfigurations = (
				3304130229D2AC49008FD817 /* Debug */,
				3304130329D2AC49008FD817 /* Release */,
			);
			defaultConfigurationIsVisible = 0;
			defaultConfigurationName = Release;
		};
		3304130429D2AC49008FD817 /* Build configuration list for PBXNativeTarget "millieLoginCloneCodingUITests" */ = {
			isa = XCConfigurationList;
			buildConfigurations = (
				3304130529D2AC49008FD817 /* Debug */,
				3304130629D2AC49008FD817 /* Release */,
			);
			defaultConfigurationIsVisible = 0;
			defaultConfigurationName = Release;
		};
/* End XCConfigurationList section */

/* Begin XCRemoteSwiftPackageReference section */
		3304130929D2ADE5008FD817 /* XCRemoteSwiftPackageReference "firebase-ios-sdk" */ = {
			isa = XCRemoteSwiftPackageReference;
			repositoryURL = "https://github.com/firebase/firebase-ios-sdk";
			requirement = {
				kind = upToNextMajorVersion;
				minimumVersion = 9.0.0;
			};
		};
		33D957F729FA49770016B1F6 /* XCRemoteSwiftPackageReference "facebook-ios-sdk" */ = {
			isa = XCRemoteSwiftPackageReference;
			repositoryURL = "https://github.com/facebook/facebook-ios-sdk";
			requirement = {
				kind = upToNextMajorVersion;
				minimumVersion = 14.0.0;
			};
		};
		33F51B4529D6AC810021884F /* XCRemoteSwiftPackageReference "kakao-ios-sdk" */ = {
			isa = XCRemoteSwiftPackageReference;
			repositoryURL = "https://github.com/kakao/kakao-ios-sdk";
			requirement = {
				branch = master;
				kind = branch;
			};
		};
		33FFC47F29D3E0AD00ABA054 /* XCRemoteSwiftPackageReference "GoogleSignIn-iOS" */ = {
			isa = XCRemoteSwiftPackageReference;
			repositoryURL = "https://github.com/google/GoogleSignIn-iOS";
			requirement = {
				kind = upToNextMajorVersion;
				minimumVersion = 7.0.0;
			};
		};
/* End XCRemoteSwiftPackageReference section */

/* Begin XCSwiftPackageProductDependency section */
		3304130A29D2ADE5008FD817 /* FirebaseAnalytics */ = {
			isa = XCSwiftPackageProductDependency;
			package = 3304130929D2ADE5008FD817 /* XCRemoteSwiftPackageReference "firebase-ios-sdk" */;
			productName = FirebaseAnalytics;
		};
		3304130C29D2ADE5008FD817 /* FirebaseAnalyticsSwift */ = {
			isa = XCSwiftPackageProductDependency;
			package = 3304130929D2ADE5008FD817 /* XCRemoteSwiftPackageReference "firebase-ios-sdk" */;
			productName = FirebaseAnalyticsSwift;
		};
		3304130E29D2ADE5008FD817 /* FirebaseAuth */ = {
			isa = XCSwiftPackageProductDependency;
			package = 3304130929D2ADE5008FD817 /* XCRemoteSwiftPackageReference "firebase-ios-sdk" */;
			productName = FirebaseAuth;
		};
		3304131029D2ADE5008FD817 /* FirebaseAuthCombine-Community */ = {
			isa = XCSwiftPackageProductDependency;
			package = 3304130929D2ADE5008FD817 /* XCRemoteSwiftPackageReference "firebase-ios-sdk" */;
			productName = "FirebaseAuthCombine-Community";
		};
		3351235D29DC87DF005BA59B /* FirebaseDatabase */ = {
			isa = XCSwiftPackageProductDependency;
			package = 3304130929D2ADE5008FD817 /* XCRemoteSwiftPackageReference "firebase-ios-sdk" */;
			productName = FirebaseDatabase;
		};
		3351235F29DC87DF005BA59B /* FirebaseDatabaseSwift */ = {
			isa = XCSwiftPackageProductDependency;
			package = 3304130929D2ADE5008FD817 /* XCRemoteSwiftPackageReference "firebase-ios-sdk" */;
			productName = FirebaseDatabaseSwift;
		};
		33D957F829FA49770016B1F6 /* FacebookCore */ = {
			isa = XCSwiftPackageProductDependency;
			package = 33D957F729FA49770016B1F6 /* XCRemoteSwiftPackageReference "facebook-ios-sdk" */;
			productName = FacebookCore;
		};
		33D957FA29FA49770016B1F6 /* FacebookLogin */ = {
			isa = XCSwiftPackageProductDependency;
			package = 33D957F729FA49770016B1F6 /* XCRemoteSwiftPackageReference "facebook-ios-sdk" */;
			productName = FacebookLogin;
		};
		33F51B4629D6AC810021884F /* KakaoSDK */ = {
			isa = XCSwiftPackageProductDependency;
			package = 33F51B4529D6AC810021884F /* XCRemoteSwiftPackageReference "kakao-ios-sdk" */;
			productName = KakaoSDK;
		};
		33F51B4829D6AC810021884F /* KakaoSDKAuth */ = {
			isa = XCSwiftPackageProductDependency;
			package = 33F51B4529D6AC810021884F /* XCRemoteSwiftPackageReference "kakao-ios-sdk" */;
			productName = KakaoSDKAuth;
		};
		33F51B4A29D6AC810021884F /* KakaoSDKUser */ = {
			isa = XCSwiftPackageProductDependency;
			package = 33F51B4529D6AC810021884F /* XCRemoteSwiftPackageReference "kakao-ios-sdk" */;
			productName = KakaoSDKUser;
		};
		33FFC48029D3E0AD00ABA054 /* GoogleSignIn */ = {
			isa = XCSwiftPackageProductDependency;
			package = 33FFC47F29D3E0AD00ABA054 /* XCRemoteSwiftPackageReference "GoogleSignIn-iOS" */;
			productName = GoogleSignIn;
		};
		33FFC48229D3E0AD00ABA054 /* GoogleSignInSwift */ = {
			isa = XCSwiftPackageProductDependency;
			package = 33FFC47F29D3E0AD00ABA054 /* XCRemoteSwiftPackageReference "GoogleSignIn-iOS" */;
			productName = GoogleSignInSwift;
		};
/* End XCSwiftPackageProductDependency section */
	};
	rootObject = 330412CC29D2AC48008FD817 /* Project object */;
}
