// !$*UTF8*$!
{
	archiveVersion = 1;
	classes = {
	};
	objectVersion = 56;
	objects = {

/* Begin PBXBuildFile section */
		330412D829D2AC48008FD817 /* AppDelegate.swift in Sources */ = {isa = PBXBuildFile; fileRef = 330412D729D2AC48008FD817 /* AppDelegate.swift */; };
		330412DA29D2AC48008FD817 /* SceneDelegate.swift in Sources */ = {isa = PBXBuildFile; fileRef = 330412D929D2AC48008FD817 /* SceneDelegate.swift */; };
		330412DC29D2AC48008FD817 /* StartViewController.swift in Sources */ = {isa = PBXBuildFile; fileRef = 330412DB29D2AC48008FD817 /* StartViewController.swift */; };
		330412DF29D2AC48008FD817 /* Main.storyboard in Resources */ = {isa = PBXBuildFile; fileRef = 330412DD29D2AC48008FD817 /* Main.storyboard */; };
		330412E129D2AC49008FD817 /* Assets.xcassets in Resources */ = {isa = PBXBuildFile; fileRef = 330412E029D2AC49008FD817 /* Assets.xcassets */; };
		330412E429D2AC49008FD817 /* LaunchScreen.storyboard in Resources */ = {isa = PBXBuildFile; fileRef = 330412E229D2AC49008FD817 /* LaunchScreen.storyboard */; };
		330412EF29D2AC49008FD817 /* millieLoginCloneCodingTests.swift in Sources */ = {isa = PBXBuildFile; fileRef = 330412EE29D2AC49008FD817 /* millieLoginCloneCodingTests.swift */; };
		330412F929D2AC49008FD817 /* millieLoginCloneCodingUITests.swift in Sources */ = {isa = PBXBuildFile; fileRef = 330412F829D2AC49008FD817 /* millieLoginCloneCodingUITests.swift */; };
		330412FB29D2AC49008FD817 /* millieLoginCloneCodingUITestsLaunchTests.swift in Sources */ = {isa = PBXBuildFile; fileRef = 330412FA29D2AC49008FD817 /* millieLoginCloneCodingUITestsLaunchTests.swift */; };
		3304130829D2AD08008FD817 /* GoogleService-Info.plist in Resources */ = {isa = PBXBuildFile; fileRef = 3304130729D2AD08008FD817 /* GoogleService-Info.plist */; };
		3304130B29D2ADE5008FD817 /* FirebaseAnalytics in Frameworks */ = {isa = PBXBuildFile; productRef = 3304130A29D2ADE5008FD817 /* FirebaseAnalytics */; };
		3304130D29D2ADE5008FD817 /* FirebaseAnalyticsSwift in Frameworks */ = {isa = PBXBuildFile; productRef = 3304130C29D2ADE5008FD817 /* FirebaseAnalyticsSwift */; };
		3304130F29D2ADE5008FD817 /* FirebaseAuth in Frameworks */ = {isa = PBXBuildFile; productRef = 3304130E29D2ADE5008FD817 /* FirebaseAuth */; };
		3304131129D2ADE5008FD817 /* FirebaseAuthCombine-Community in Frameworks */ = {isa = PBXBuildFile; productRef = 3304131029D2ADE5008FD817 /* FirebaseAuthCombine-Community */; };
		33C3474B29D2B65E0089B722 /* LoginViewController.swift in Sources */ = {isa = PBXBuildFile; fileRef = 33C3474A29D2B65E0089B722 /* LoginViewController.swift */; };
/* End PBXBuildFile section */

/* Begin PBXContainerItemProxy section */
		330412EB29D2AC49008FD817 /* PBXContainerItemProxy */ = {
			isa = PBXContainerItemProxy;
			containerPortal = 330412CC29D2AC48008FD817 /* Project object */;
			proxyType = 1;
			remoteGlobalIDString = 330412D329D2AC48008FD817;
			remoteInfo = millieLoginCloneCoding;
		};
		330412F529D2AC49008FD817 /* PBXContainerItemProxy */ = {
			isa = PBXContainerItemProxy;
			containerPortal = 330412CC29D2AC48008FD817 /* Project object */;
			proxyType = 1;
			remoteGlobalIDString = 330412D329D2AC48008FD817;
			remoteInfo = millieLoginCloneCoding;
		};
/* End PBXContainerItemProxy section */

/* Begin PBXFileReference section */
		330412D429D2AC48008FD817 /* millieLoginCloneCoding.app */ = {isa = PBXFileReference; explicitFileType = wrapper.application; includeInIndex = 0; path = millieLoginCloneCoding.app; sourceTree = BUILT_PRODUCTS_DIR; };
		330412D729D2AC48008FD817 /* AppDelegate.swift */ = {isa = PBXFileReference; lastKnownFileType = sourcecode.swift; path = AppDelegate.swift; sourceTree = "<group>"; };
		330412D929D2AC48008FD817 /* SceneDelegate.swift */ = {isa = PBXFileReference; lastKnownFileType = sourcecode.swift; path = SceneDelegate.swift; sourceTree = "<group>"; };
		330412DB29D2AC48008FD817 /* StartViewController.swift */ = {isa = PBXFileReference; lastKnownFileType = sourcecode.swift; path = StartViewController.swift; sourceTree = "<group>"; };
		330412DE29D2AC48008FD817 /* Base */ = {isa = PBXFileReference; lastKnownFileType = file.storyboard; name = Base; path = Base.lproj/Main.storyboard; sourceTree = "<group>"; };
		330412E029D2AC49008FD817 /* Assets.xcassets */ = {isa = PBXFileReference; lastKnownFileType = folder.assetcatalog; path = Assets.xcassets; sourceTree = "<group>"; };
		330412E329D2AC49008FD817 /* Base */ = {isa = PBXFileReference; lastKnownFileType = file.storyboard; name = Base; path = Base.lproj/LaunchScreen.storyboard; sourceTree = "<group>"; };
		330412E529D2AC49008FD817 /* Info.plist */ = {isa = PBXFileReference; lastKnownFileType = text.plist.xml; path = Info.plist; sourceTree = "<group>"; };
		330412EA29D2AC49008FD817 /* millieLoginCloneCodingTests.xctest */ = {isa = PBXFileReference; explicitFileType = wrapper.cfbundle; includeInIndex = 0; path = millieLoginCloneCodingTests.xctest; sourceTree = BUILT_PRODUCTS_DIR; };
		330412EE29D2AC49008FD817 /* millieLoginCloneCodingTests.swift */ = {isa = PBXFileReference; lastKnownFileType = sourcecode.swift; path = millieLoginCloneCodingTests.swift; sourceTree = "<group>"; };
		330412F429D2AC49008FD817 /* millieLoginCloneCodingUITests.xctest */ = {isa = PBXFileReference; explicitFileType = wrapper.cfbundle; includeInIndex = 0; path = millieLoginCloneCodingUITests.xctest; sourceTree = BUILT_PRODUCTS_DIR; };
		330412F829D2AC49008FD817 /* millieLoginCloneCodingUITests.swift */ = {isa = PBXFileReference; lastKnownFileType = sourcecode.swift; path = millieLoginCloneCodingUITests.swift; sourceTree = "<group>"; };
		330412FA29D2AC49008FD817 /* millieLoginCloneCodingUITestsLaunchTests.swift */ = {isa = PBXFileReference; lastKnownFileType = sourcecode.swift; path = millieLoginCloneCodingUITestsLaunchTests.swift; sourceTree = "<group>"; };
		3304130729D2AD08008FD817 /* GoogleService-Info.plist */ = {isa = PBXFileReference; fileEncoding = 4; lastKnownFileType = text.plist.xml; path = "GoogleService-Info.plist"; sourceTree = "<group>"; };
		33C3474A29D2B65E0089B722 /* LoginViewController.swift */ = {isa = PBXFileReference; lastKnownFileType = sourcecode.swift; path = LoginViewController.swift; sourceTree = "<group>"; };
/* End PBXFileReference section */

/* Begin PBXFrameworksBuildPhase section */
		330412D129D2AC48008FD817 /* Frameworks */ = {
			isa = PBXFrameworksBuildPhase;
			buildActionMask = 2147483647;
			files = (
				3304130D29D2ADE5008FD817 /* FirebaseAnalyticsSwift in Frameworks */,
				3304130F29D2ADE5008FD817 /* FirebaseAuth in Frameworks */,
				3304130B29D2ADE5008FD817 /* FirebaseAnalytics in Frameworks */,
				3304131129D2ADE5008FD817 /* FirebaseAuthCombine-Community in Frameworks */,
			);
			runOnlyForDeploymentPostprocessing = 0;
		};
		330412E729D2AC49008FD817 /* Frameworks */ = {
			isa = PBXFrameworksBuildPhase;
			buildActionMask = 2147483647;
			files = (
			);
			runOnlyForDeploymentPostprocessing = 0;
		};
		330412F129D2AC49008FD817 /* Frameworks */ = {
			isa = PBXFrameworksBuildPhase;
			buildActionMask = 2147483647;
			files = (
			);
			runOnlyForDeploymentPostprocessing = 0;
		};
/* End PBXFrameworksBuildPhase section */

/* Begin PBXGroup section */
		330412CB29D2AC48008FD817 = {
			isa = PBXGroup;
			children = (
				330412D629D2AC48008FD817 /* millieLoginCloneCoding */,
				330412ED29D2AC49008FD817 /* millieLoginCloneCodingTests */,
				330412F729D2AC49008FD817 /* millieLoginCloneCodingUITests */,
				330412D529D2AC48008FD817 /* Products */,
			);
			sourceTree = "<group>";
		};
		330412D529D2AC48008FD817 /* Products */ = {
			isa = PBXGroup;
			children = (
				330412D429D2AC48008FD817 /* millieLoginCloneCoding.app */,
				330412EA29D2AC49008FD817 /* millieLoginCloneCodingTests.xctest */,
				330412F429D2AC49008FD817 /* millieLoginCloneCodingUITests.xctest */,
			);
			name = Products;
			sourceTree = "<group>";
		};
		330412D629D2AC48008FD817 /* millieLoginCloneCoding */ = {
			isa = PBXGroup;
			children = (
				330412D729D2AC48008FD817 /* AppDelegate.swift */,
				330412D929D2AC48008FD817 /* SceneDelegate.swift */,
				330412DB29D2AC48008FD817 /* StartViewController.swift */,
				33C3474A29D2B65E0089B722 /* LoginViewController.swift */,
				330412DD29D2AC48008FD817 /* Main.storyboard */,
				330412E029D2AC49008FD817 /* Assets.xcassets */,
				330412E229D2AC49008FD817 /* LaunchScreen.storyboard */,
				330412E529D2AC49008FD817 /* Info.plist */,
				3304130729D2AD08008FD817 /* GoogleService-Info.plist */,
			);
			path = millieLoginCloneCoding;
			sourceTree = "<group>";
		};
		330412ED29D2AC49008FD817 /* millieLoginCloneCodingTests */ = {
			isa = PBXGroup;
			children = (
				330412EE29D2AC49008FD817 /* millieLoginCloneCodingTests.swift */,
			);
			path = millieLoginCloneCodingTests;
			sourceTree = "<group>";
		};
		330412F729D2AC49008FD817 /* millieLoginCloneCodingUITests */ = {
			isa = PBXGroup;
			children = (
				330412F829D2AC49008FD817 /* millieLoginCloneCodingUITests.swift */,
				330412FA29D2AC49008FD817 /* millieLoginCloneCodingUITestsLaunchTests.swift */,
			);
			path = millieLoginCloneCodingUITests;
			sourceTree = "<group>";
		};
/* End PBXGroup section */

/* Begin PBXNativeTarget section */
		330412D329D2AC48008FD817 /* millieLoginCloneCoding */ = {
			isa = PBXNativeTarget;
			buildConfigurationList = 330412FE29D2AC49008FD817 /* Build configuration list for PBXNativeTarget "millieLoginCloneCoding" */;
			buildPhases = (
				330412D029D2AC48008FD817 /* Sources */,
				330412D129D2AC48008FD817 /* Frameworks */,
				330412D229D2AC48008FD817 /* Resources */,
			);
			buildRules = (
			);
			dependencies = (
			);
			name = millieLoginCloneCoding;
			packageProductDependencies = (
				3304130A29D2ADE5008FD817 /* FirebaseAnalytics */,
				3304130C29D2ADE5008FD817 /* FirebaseAnalyticsSwift */,
				3304130E29D2ADE5008FD817 /* FirebaseAuth */,
				3304131029D2ADE5008FD817 /* FirebaseAuthCombine-Community */,
			);
			productName = millieLoginCloneCoding;
			productReference = 330412D429D2AC48008FD817 /* millieLoginCloneCoding.app */;
			productType = "com.apple.product-type.application";
		};
		330412E929D2AC49008FD817 /* millieLoginCloneCodingTests */ = {
			isa = PBXNativeTarget;
			buildConfigurationList = 3304130129D2AC49008FD817 /* Build configuration list for PBXNativeTarget "millieLoginCloneCodingTests" */;
			buildPhases = (
				330412E629D2AC49008FD817 /* Sources */,
				330412E729D2AC49008FD817 /* Frameworks */,
				330412E829D2AC49008FD817 /* Resources */,
			);
			buildRules = (
			);
			dependencies = (
				330412EC29D2AC49008FD817 /* PBXTargetDependency */,
			);
			name = millieLoginCloneCodingTests;
			productName = millieLoginCloneCodingTests;
			productReference = 330412EA29D2AC49008FD817 /* millieLoginCloneCodingTests.xctest */;
			productType = "com.apple.product-type.bundle.unit-test";
		};
		330412F329D2AC49008FD817 /* millieLoginCloneCodingUITests */ = {
			isa = PBXNativeTarget;
			buildConfigurationList = 3304130429D2AC49008FD817 /* Build configuration list for PBXNativeTarget "millieLoginCloneCodingUITests" */;
			buildPhases = (
				330412F029D2AC49008FD817 /* Sources */,
				330412F129D2AC49008FD817 /* Frameworks */,
				330412F229D2AC49008FD817 /* Resources */,
			);
			buildRules = (
			);
			dependencies = (
				330412F629D2AC49008FD817 /* PBXTargetDependency */,
			);
			name = millieLoginCloneCodingUITests;
			productName = millieLoginCloneCodingUITests;
			productReference = 330412F429D2AC49008FD817 /* millieLoginCloneCodingUITests.xctest */;
			productType = "com.apple.product-type.bundle.ui-testing";
		};
/* End PBXNativeTarget section */

/* Begin PBXProject section */
		330412CC29D2AC48008FD817 /* Project object */ = {
			isa = PBXProject;
			attributes = {
				BuildIndependentTargetsInParallel = 1;
				LastSwiftUpdateCheck = 1420;
				LastUpgradeCheck = 1420;
				TargetAttributes = {
					330412D329D2AC48008FD817 = {
						CreatedOnToolsVersion = 14.2;
					};
					330412E929D2AC49008FD817 = {
						CreatedOnToolsVersion = 14.2;
						TestTargetID = 330412D329D2AC48008FD817;
					};
					330412F329D2AC49008FD817 = {
						CreatedOnToolsVersion = 14.2;
						TestTargetID = 330412D329D2AC48008FD817;
					};
				};
			};
			buildConfigurationList = 330412CF29D2AC48008FD817 /* Build configuration list for PBXProject "millieLoginCloneCoding" */;
			compatibilityVersion = "Xcode 14.0";
			developmentRegion = en;
			hasScannedForEncodings = 0;
			knownRegions = (
				en,
				Base,
			);
			mainGroup = 330412CB29D2AC48008FD817;
			packageReferences = (
				3304130929D2ADE5008FD817 /* XCRemoteSwiftPackageReference "firebase-ios-sdk" */,
			);
			productRefGroup = 330412D529D2AC48008FD817 /* Products */;
			projectDirPath = "";
			projectRoot = "";
			targets = (
				330412D329D2AC48008FD817 /* millieLoginCloneCoding */,
				330412E929D2AC49008FD817 /* millieLoginCloneCodingTests */,
				330412F329D2AC49008FD817 /* millieLoginCloneCodingUITests */,
			);
		};
/* End PBXProject section */

/* Begin PBXResourcesBuildPhase section */
		330412D229D2AC48008FD817 /* Resources */ = {
			isa = PBXResourcesBuildPhase;
			buildActionMask = 2147483647;
			files = (
				330412E429D2AC49008FD817 /* LaunchScreen.storyboard in Resources */,
				3304130829D2AD08008FD817 /* GoogleService-Info.plist in Resources */,
				330412E129D2AC49008FD817 /* Assets.xcassets in Resources */,
				330412DF29D2AC48008FD817 /* Main.storyboard in Resources */,
			);
			runOnlyForDeploymentPostprocessing = 0;
		};
		330412E829D2AC49008FD817 /* Resources */ = {
			isa = PBXResourcesBuildPhase;
			buildActionMask = 2147483647;
			files = (
			);
			runOnlyForDeploymentPostprocessing = 0;
		};
		330412F229D2AC49008FD817 /* Resources */ = {
			isa = PBXResourcesBuildPhase;
			buildActionMask = 2147483647;
			files = (
			);
			runOnlyForDeploymentPostprocessing = 0;
		};
/* End PBXResourcesBuildPhase section */

/* Begin PBXSourcesBuildPhase section */
		330412D029D2AC48008FD817 /* Sources */ = {
			isa = PBXSourcesBuildPhase;
			buildActionMask = 2147483647;
			files = (
				33C3474B29D2B65E0089B722 /* LoginViewController.swift in Sources */,
				330412DC29D2AC48008FD817 /* StartViewController.swift in Sources */,
				330412D829D2AC48008FD817 /* AppDelegate.swift in Sources */,
				330412DA29D2AC48008FD817 /* SceneDelegate.swift in Sources */,
			);
			runOnlyForDeploymentPostprocessing = 0;
		};
		330412E629D2AC49008FD817 /* Sources */ = {
			isa = PBXSourcesBuildPhase;
			buildActionMask = 2147483647;
			files = (
				330412EF29D2AC49008FD817 /* millieLoginCloneCodingTests.swift in Sources */,
			);
			runOnlyForDeploymentPostprocessing = 0;
		};
		330412F029D2AC49008FD817 /* Sources */ = {
			isa = PBXSourcesBuildPhase;
			buildActionMask = 2147483647;
			files = (
				330412FB29D2AC49008FD817 /* millieLoginCloneCodingUITestsLaunchTests.swift in Sources */,
				330412F929D2AC49008FD817 /* millieLoginCloneCodingUITests.swift in Sources */,
			);
			runOnlyForDeploymentPostprocessing = 0;
		};
/* End PBXSourcesBuildPhase section */

/* Begin PBXTargetDependency section */
		330412EC29D2AC49008FD817 /* PBXTargetDependency */ = {
			isa = PBXTargetDependency;
			target = 330412D329D2AC48008FD817 /* millieLoginCloneCoding */;
			targetProxy = 330412EB29D2AC49008FD817 /* PBXContainerItemProxy */;
		};
		330412F629D2AC49008FD817 /* PBXTargetDependency */ = {
			isa = PBXTargetDependency;
			target = 330412D329D2AC48008FD817 /* millieLoginCloneCoding */;
			targetProxy = 330412F529D2AC49008FD817 /* PBXContainerItemProxy */;
		};
/* End PBXTargetDependency section */

/* Begin PBXVariantGroup section */
		330412DD29D2AC48008FD817 /* Main.storyboard */ = {
			isa = PBXVariantGroup;
			children = (
				330412DE29D2AC48008FD817 /* Base */,
			);
			name = Main.storyboard;
			sourceTree = "<group>";
		};
		330412E229D2AC49008FD817 /* LaunchScreen.storyboard */ = {
			isa = PBXVariantGroup;
			children = (
				330412E329D2AC49008FD817 /* Base */,
			);
			name = LaunchScreen.storyboard;
			sourceTree = "<group>";
		};
/* End PBXVariantGroup section */

/* Begin XCBuildConfiguration section */
		330412FC29D2AC49008FD817 /* Debug */ = {
			isa = XCBuildConfiguration;
			buildSettings = {
				ALWAYS_SEARCH_USER_PATHS = NO;
				CLANG_ANALYZER_NONNULL = YES;
				CLANG_ANALYZER_NUMBER_OBJECT_CONVERSION = YES_AGGRESSIVE;
				CLANG_CXX_LANGUAGE_STANDARD = "gnu++20";
				CLANG_ENABLE_MODULES = YES;
				CLANG_ENABLE_OBJC_ARC = YES;
				CLANG_ENABLE_OBJC_WEAK = YES;
				CLANG_WARN_BLOCK_CAPTURE_AUTORELEASING = YES;
				CLANG_WARN_BOOL_CONVERSION = YES;
				CLANG_WARN_COMMA = YES;
				CLANG_WARN_CONSTANT_CONVERSION = YES;
				CLANG_WARN_DEPRECATED_OBJC_IMPLEMENTATIONS = YES;
				CLANG_WARN_DIRECT_OBJC_ISA_USAGE = YES_ERROR;
				CLANG_WARN_DOCUMENTATION_COMMENTS = YES;
				CLANG_WARN_EMPTY_BODY = YES;
				CLANG_WARN_ENUM_CONVERSION = YES;
				CLANG_WARN_INFINITE_RECURSION = YES;
				CLANG_WARN_INT_CONVERSION = YES;
				CLANG_WARN_NON_LITERAL_NULL_CONVERSION = YES;
				CLANG_WARN_OBJC_IMPLICIT_RETAIN_SELF = YES;
				CLANG_WARN_OBJC_LITERAL_CONVERSION = YES;
				CLANG_WARN_OBJC_ROOT_CLASS = YES_ERROR;
				CLANG_WARN_QUOTED_INCLUDE_IN_FRAMEWORK_HEADER = YES;
				CLANG_WARN_RANGE_LOOP_ANALYSIS = YES;
				CLANG_WARN_STRICT_PROTOTYPES = YES;
				CLANG_WARN_SUSPICIOUS_MOVE = YES;
				CLANG_WARN_UNGUARDED_AVAILABILITY = YES_AGGRESSIVE;
				CLANG_WARN_UNREACHABLE_CODE = YES;
				CLANG_WARN__DUPLICATE_METHOD_MATCH = YES;
				COPY_PHASE_STRIP = NO;
				DEBUG_INFORMATION_FORMAT = dwarf;
				ENABLE_STRICT_OBJC_MSGSEND = YES;
				ENABLE_TESTABILITY = YES;
				GCC_C_LANGUAGE_STANDARD = gnu11;
				GCC_DYNAMIC_NO_PIC = NO;
				GCC_NO_COMMON_BLOCKS = YES;
				GCC_OPTIMIZATION_LEVEL = 0;
				GCC_PREPROCESSOR_DEFINITIONS = (
					"DEBUG=1",
					"$(inherited)",
				);
				GCC_WARN_64_TO_32_BIT_CONVERSION = YES;
				GCC_WARN_ABOUT_RETURN_TYPE = YES_ERROR;
				GCC_WARN_UNDECLARED_SELECTOR = YES;
				GCC_WARN_UNINITIALIZED_AUTOS = YES_AGGRESSIVE;
				GCC_WARN_UNUSED_FUNCTION = YES;
				GCC_WARN_UNUSED_VARIABLE = YES;
				IPHONEOS_DEPLOYMENT_TARGET = 16.0;
				MTL_ENABLE_DEBUG_INFO = INCLUDE_SOURCE;
				MTL_FAST_MATH = YES;
				ONLY_ACTIVE_ARCH = YES;
				SDKROOT = iphoneos;
				SWIFT_ACTIVE_COMPILATION_CONDITIONS = DEBUG;
				SWIFT_OPTIMIZATION_LEVEL = "-Onone";
			};
			name = Debug;
		};
		330412FD29D2AC49008FD817 /* Release */ = {
			isa = XCBuildConfiguration;
			buildSettings = {
				ALWAYS_SEARCH_USER_PATHS = NO;
				CLANG_ANALYZER_NONNULL = YES;
				CLANG_ANALYZER_NUMBER_OBJECT_CONVERSION = YES_AGGRESSIVE;
				CLANG_CXX_LANGUAGE_STANDARD = "gnu++20";
				CLANG_ENABLE_MODULES = YES;
				CLANG_ENABLE_OBJC_ARC = YES;
				CLANG_ENABLE_OBJC_WEAK = YES;
				CLANG_WARN_BLOCK_CAPTURE_AUTORELEASING = YES;
				CLANG_WARN_BOOL_CONVERSION = YES;
				CLANG_WARN_COMMA = YES;
				CLANG_WARN_CONSTANT_CONVERSION = YES;
				CLANG_WARN_DEPRECATED_OBJC_IMPLEMENTATIONS = YES;
				CLANG_WARN_DIRECT_OBJC_ISA_USAGE = YES_ERROR;
				CLANG_WARN_DOCUMENTATION_COMMENTS = YES;
				CLANG_WARN_EMPTY_BODY = YES;
				CLANG_WARN_ENUM_CONVERSION = YES;
				CLANG_WARN_INFINITE_RECURSION = YES;
				CLANG_WARN_INT_CONVERSION = YES;
				CLANG_WARN_NON_LITERAL_NULL_CONVERSION = YES;
				CLANG_WARN_OBJC_IMPLICIT_RETAIN_SELF = YES;
				CLANG_WARN_OBJC_LITERAL_CONVERSION = YES;
				CLANG_WARN_OBJC_ROOT_CLASS = YES_ERROR;
				CLANG_WARN_QUOTED_INCLUDE_IN_FRAMEWORK_HEADER = YES;
				CLANG_WARN_RANGE_LOOP_ANALYSIS = YES;
				CLANG_WARN_STRICT_PROTOTYPES = YES;
				CLANG_WARN_SUSPICIOUS_MOVE = YES;
				CLANG_WARN_UNGUARDED_AVAILABILITY = YES_AGGRESSIVE;
				CLANG_WARN_UNREACHABLE_CODE = YES;
				CLANG_WARN__DUPLICATE_METHOD_MATCH = YES;
				COPY_PHASE_STRIP = NO;
				DEBUG_INFORMATION_FORMAT = "dwarf-with-dsym";
				ENABLE_NS_ASSERTIONS = NO;
				ENABLE_STRICT_OBJC_MSGSEND = YES;
				GCC_C_LANGUAGE_STANDARD = gnu11;
				GCC_NO_COMMON_BLOCKS = YES;
				GCC_WARN_64_TO_32_BIT_CONVERSION = YES;
				GCC_WARN_ABOUT_RETURN_TYPE = YES_ERROR;
				GCC_WARN_UNDECLARED_SELECTOR = YES;
				GCC_WARN_UNINITIALIZED_AUTOS = YES_AGGRESSIVE;
				GCC_WARN_UNUSED_FUNCTION = YES;
				GCC_WARN_UNUSED_VARIABLE = YES;
				IPHONEOS_DEPLOYMENT_TARGET = 16.0;
				MTL_ENABLE_DEBUG_INFO = NO;
				MTL_FAST_MATH = YES;
				SDKROOT = iphoneos;
				SWIFT_COMPILATION_MODE = wholemodule;
				SWIFT_OPTIMIZATION_LEVEL = "-O";
				VALIDATE_PRODUCT = YES;
			};
			name = Release;
		};
		330412FF29D2AC49008FD817 /* Debug */ = {
			isa = XCBuildConfiguration;
			buildSettings = {
				ASSETCATALOG_COMPILER_APPICON_NAME = AppIcon;
				ASSETCATALOG_COMPILER_GLOBAL_ACCENT_COLOR_NAME = AccentColor;
				CODE_SIGN_STYLE = Automatic;
				CURRENT_PROJECT_VERSION = 1;
				DEVELOPMENT_TEAM = 4QNJWH8J8Y;
				GENERATE_INFOPLIST_FILE = YES;
				INFOPLIST_FILE = millieLoginCloneCoding/Info.plist;
				INFOPLIST_KEY_UIApplicationSupportsIndirectInputEvents = YES;
				INFOPLIST_KEY_UILaunchStoryboardName = LaunchScreen;
				INFOPLIST_KEY_UIMainStoryboardFile = Main;
				INFOPLIST_KEY_UISupportedInterfaceOrientations_iPad = "UIInterfaceOrientationPortrait UIInterfaceOrientationPortraitUpsideDown UIInterfaceOrientationLandscapeLeft UIInterfaceOrientationLandscapeRight";
				INFOPLIST_KEY_UISupportedInterfaceOrientations_iPhone = "UIInterfaceOrientationPortrait UIInterfaceOrientationLandscapeLeft UIInterfaceOrientationLandscapeRight";
				LD_RUNPATH_SEARCH_PATHS = (
					"$(inherited)",
					"@executable_path/Frameworks",
				);
				MARKETING_VERSION = 1.0;
				PRODUCT_BUNDLE_IDENTIFIER = hana.millieLoginCloneCoding;
				PRODUCT_NAME = "$(TARGET_NAME)";
				SWIFT_EMIT_LOC_STRINGS = YES;
				SWIFT_VERSION = 5.0;
				TARGETED_DEVICE_FAMILY = "1,2";
			};
			name = Debug;
		};
		3304130029D2AC49008FD817 /* Release */ = {
			isa = XCBuildConfiguration;
			buildSettings = {
				ASSETCATALOG_COMPILER_APPICON_NAME = AppIcon;
				ASSETCATALOG_COMPILER_GLOBAL_ACCENT_COLOR_NAME = AccentColor;
				CODE_SIGN_STYLE = Automatic;
				CURRENT_PROJECT_VERSION = 1;
				DEVELOPMENT_TEAM = 4QNJWH8J8Y;
				GENERATE_INFOPLIST_FILE = YES;
				INFOPLIST_FILE = millieLoginCloneCoding/Info.plist;
				INFOPLIST_KEY_UIApplicationSupportsIndirectInputEvents = YES;
				INFOPLIST_KEY_UILaunchStoryboardName = LaunchScreen;
				INFOPLIST_KEY_UIMainStoryboardFile = Main;
				INFOPLIST_KEY_UISupportedInterfaceOrientations_iPad = "UIInterfaceOrientationPortrait UIInterfaceOrientationPortraitUpsideDown UIInterfaceOrientationLandscapeLeft UIInterfaceOrientationLandscapeRight";
				INFOPLIST_KEY_UISupportedInterfaceOrientations_iPhone = "UIInterfaceOrientationPortrait UIInterfaceOrientationLandscapeLeft UIInterfaceOrientationLandscapeRight";
				LD_RUNPATH_SEARCH_PATHS = (
					"$(inherited)",
					"@executable_path/Frameworks",
				);
				MARKETING_VERSION = 1.0;
				PRODUCT_BUNDLE_IDENTIFIER = hana.millieLoginCloneCoding;
				PRODUCT_NAME = "$(TARGET_NAME)";
				SWIFT_EMIT_LOC_STRINGS = YES;
				SWIFT_VERSION = 5.0;
				TARGETED_DEVICE_FAMILY = "1,2";
			};
			name = Release;
		};
		3304130229D2AC49008FD817 /* Debug */ = {
			isa = XCBuildConfiguration;
			buildSettings = {
				ALWAYS_EMBED_SWIFT_STANDARD_LIBRARIES = YES;
				BUNDLE_LOADER = "$(TEST_HOST)";
				CODE_SIGN_STYLE = Automatic;
				CURRENT_PROJECT_VERSION = 1;
				DEVELOPMENT_TEAM = 4QNJWH8J8Y;
				GENERATE_INFOPLIST_FILE = YES;
				IPHONEOS_DEPLOYMENT_TARGET = 16.2;
				MARKETING_VERSION = 1.0;
				PRODUCT_BUNDLE_IDENTIFIER = hana.millieLoginCloneCodingTests;
				PRODUCT_NAME = "$(TARGET_NAME)";
				SWIFT_EMIT_LOC_STRINGS = NO;
				SWIFT_VERSION = 5.0;
				TARGETED_DEVICE_FAMILY = "1,2";
				TEST_HOST = "$(BUILT_PRODUCTS_DIR)/millieLoginCloneCoding.app/$(BUNDLE_EXECUTABLE_FOLDER_PATH)/millieLoginCloneCoding";
			};
			name = Debug;
		};
		3304130329D2AC49008FD817 /* Release */ = {
			isa = XCBuildConfiguration;
			buildSettings = {
				ALWAYS_EMBED_SWIFT_STANDARD_LIBRARIES = YES;
				BUNDLE_LOADER = "$(TEST_HOST)";
				CODE_SIGN_STYLE = Automatic;
				CURRENT_PROJECT_VERSION = 1;
				DEVELOPMENT_TEAM = 4QNJWH8J8Y;
				GENERATE_INFOPLIST_FILE = YES;
				IPHONEOS_DEPLOYMENT_TARGET = 16.2;
				MARKETING_VERSION = 1.0;
				PRODUCT_BUNDLE_IDENTIFIER = hana.millieLoginCloneCodingTests;
				PRODUCT_NAME = "$(TARGET_NAME)";
				SWIFT_EMIT_LOC_STRINGS = NO;
				SWIFT_VERSION = 5.0;
				TARGETED_DEVICE_FAMILY = "1,2";
				TEST_HOST = "$(BUILT_PRODUCTS_DIR)/millieLoginCloneCoding.app/$(BUNDLE_EXECUTABLE_FOLDER_PATH)/millieLoginCloneCoding";
			};
			name = Release;
		};
		3304130529D2AC49008FD817 /* Debug */ = {
			isa = XCBuildConfiguration;
			buildSettings = {
				ALWAYS_EMBED_SWIFT_STANDARD_LIBRARIES = YES;
				CODE_SIGN_STYLE = Automatic;
				CURRENT_PROJECT_VERSION = 1;
				DEVELOPMENT_TEAM = 4QNJWH8J8Y;
				GENERATE_INFOPLIST_FILE = YES;
				MARKETING_VERSION = 1.0;
				PRODUCT_BUNDLE_IDENTIFIER = hana.millieLoginCloneCodingUITests;
				PRODUCT_NAME = "$(TARGET_NAME)";
				SWIFT_EMIT_LOC_STRINGS = NO;
				SWIFT_VERSION = 5.0;
				TARGETED_DEVICE_FAMILY = "1,2";
				TEST_TARGET_NAME = millieLoginCloneCoding;
			};
			name = Debug;
		};
		3304130629D2AC49008FD817 /* Release */ = {
			isa = XCBuildConfiguration;
			buildSettings = {
				ALWAYS_EMBED_SWIFT_STANDARD_LIBRARIES = YES;
				CODE_SIGN_STYLE = Automatic;
				CURRENT_PROJECT_VERSION = 1;
				DEVELOPMENT_TEAM = 4QNJWH8J8Y;
				GENERATE_INFOPLIST_FILE = YES;
				MARKETING_VERSION = 1.0;
				PRODUCT_BUNDLE_IDENTIFIER = hana.millieLoginCloneCodingUITests;
				PRODUCT_NAME = "$(TARGET_NAME)";
				SWIFT_EMIT_LOC_STRINGS = NO;
				SWIFT_VERSION = 5.0;
				TARGETED_DEVICE_FAMILY = "1,2";
				TEST_TARGET_NAME = millieLoginCloneCoding;
			};
			name = Release;
		};
/* End XCBuildConfiguration section */

/* Begin XCConfigurationList section */
		330412CF29D2AC48008FD817 /* Build configuration list for PBXProject "millieLoginCloneCoding" */ = {
			isa = XCConfigurationList;
			buildConfigurations = (
				330412FC29D2AC49008FD817 /* Debug */,
				330412FD29D2AC49008FD817 /* Release */,
			);
			defaultConfigurationIsVisible = 0;
			defaultConfigurationName = Release;
		};
		330412FE29D2AC49008FD817 /* Build configuration list for PBXNativeTarget "millieLoginCloneCoding" */ = {
			isa = XCConfigurationList;
			buildConfigurations = (
				330412FF29D2AC49008FD817 /* Debug */,
				3304130029D2AC49008FD817 /* Release */,
			);
			defaultConfigurationIsVisible = 0;
			defaultConfigurationName = Release;
		};
		3304130129D2AC49008FD817 /* Build configuration list for PBXNativeTarget "millieLoginCloneCodingTests" */ = {
			isa = XCConfigurationList;
			buildConfigurations = (
				3304130229D2AC49008FD817 /* Debug */,
				3304130329D2AC49008FD817 /* Release */,
			);
			defaultConfigurationIsVisible = 0;
			defaultConfigurationName = Release;
		};
		3304130429D2AC49008FD817 /* Build configuration list for PBXNativeTarget "millieLoginCloneCodingUITests" */ = {
			isa = XCConfigurationList;
			buildConfigurations = (
				3304130529D2AC49008FD817 /* Debug */,
				3304130629D2AC49008FD817 /* Release */,
			);
			defaultConfigurationIsVisible = 0;
			defaultConfigurationName = Release;
		};
/* End XCConfigurationList section */

/* Begin XCRemoteSwiftPackageReference section */
		3304130929D2ADE5008FD817 /* XCRemoteSwiftPackageReference "firebase-ios-sdk" */ = {
			isa = XCRemoteSwiftPackageReference;
			repositoryURL = "https://github.com/firebase/firebase-ios-sdk";
			requirement = {
				kind = upToNextMajorVersion;
				minimumVersion = 9.0.0;
			};
		};
/* End XCRemoteSwiftPackageReference section */

/* Begin XCSwiftPackageProductDependency section */
		3304130A29D2ADE5008FD817 /* FirebaseAnalytics */ = {
			isa = XCSwiftPackageProductDependency;
			package = 3304130929D2ADE5008FD817 /* XCRemoteSwiftPackageReference "firebase-ios-sdk" */;
			productName = FirebaseAnalytics;
		};
		3304130C29D2ADE5008FD817 /* FirebaseAnalyticsSwift */ = {
			isa = XCSwiftPackageProductDependency;
			package = 3304130929D2ADE5008FD817 /* XCRemoteSwiftPackageReference "firebase-ios-sdk" */;
			productName = FirebaseAnalyticsSwift;
		};
		3304130E29D2ADE5008FD817 /* FirebaseAuth */ = {
			isa = XCSwiftPackageProductDependency;
			package = 3304130929D2ADE5008FD817 /* XCRemoteSwiftPackageReference "firebase-ios-sdk" */;
			productName = FirebaseAuth;
		};
		3304131029D2ADE5008FD817 /* FirebaseAuthCombine-Community */ = {
			isa = XCSwiftPackageProductDependency;
			package = 3304130929D2ADE5008FD817 /* XCRemoteSwiftPackageReference "firebase-ios-sdk" */;
			productName = "FirebaseAuthCombine-Community";
		};
/* End XCSwiftPackageProductDependency section */
	};
	rootObject = 330412CC29D2AC48008FD817 /* Project object */;
}
